
Microsoft Visual Studio Solution File, Format Version 12.00
# Visual Studio 14
VisualStudioVersion = 14.0.25420.1
MinimumVisualStudioVersion = 10.0.40219.1
Project("{FAE04EC0-301F-11D3-BF4B-00C04F79EFBC}") = "Simitone.iOS", "Simitone\Simitone.iOS.csproj", "{F0BFC685-A357-4E5A-B502-1B5A35970E63}"
EndProject
Project("{FAE04EC0-301F-11D3-BF4B-00C04F79EFBC}") = "Simitone.Windows", "Simitone.Windows\Simitone.Windows.csproj", "{32CBA4DB-99D8-4D1E-9420-E9B0D2359802}"
EndProject
Project("{FAE04EC0-301F-11D3-BF4B-00C04F79EFBC}") = "FSO.UI", "..\..\FreeSO\TSOClient\FSO.UI\FSO.UI.csproj", "{73E2AD5B-720B-4EF3-9B7C-55931D0EC693}"
EndProject
Project("{FAE04EC0-301F-11D3-BF4B-00C04F79EFBC}") = "Simitone.Client", "Simitone.Client\Simitone.Client.csproj", "{0F20013D-0610-4573-A346-1C5A461B0BA0}"
EndProject
Project("{FAE04EC0-301F-11D3-BF4B-00C04F79EFBC}") = "FSO.Content", "..\..\FreeSO\TSOClient\tso.content\FSO.Content.csproj", "{C0068DF7-F2E8-4399-846D-556BF9A35C00}"
EndProject
Project("{FAE04EC0-301F-11D3-BF4B-00C04F79EFBC}") = "FSO.Common", "..\..\FreeSO\TSOClient\tso.common\FSO.Common.csproj", "{C42962A1-8796-4F47-9DCD-79ED5904D8CA}"
EndProject
Project("{FAE04EC0-301F-11D3-BF4B-00C04F79EFBC}") = "FSO.Files", "..\..\FreeSO\TSOClient\tso.files\FSO.Files.csproj", "{18583453-A970-4AC5-83B1-2D6BFDF94C24}"
EndProject
Project("{FAE04EC0-301F-11D3-BF4B-00C04F79EFBC}") = "FSO.SimAntics", "..\..\FreeSO\TSOClient\tso.simantics\FSO.SimAntics.csproj", "{5EDDEFD2-C850-49C1-812D-DDEFF09125EF}"
EndProject
Project("{FAE04EC0-301F-11D3-BF4B-00C04F79EFBC}") = "FSO.HIT", "..\..\FreeSO\TSOClient\tso.sound\FSO.HIT.csproj", "{072781D8-51EC-4143-9CAE-DAF50177D3AD}"
EndProject
Project("{FAE04EC0-301F-11D3-BF4B-00C04F79EFBC}") = "FSO.Vitaboy.Engine", "..\..\FreeSO\TSOClient\tso.vitaboy.engine\FSO.Vitaboy.Engine.csproj", "{FD7957F7-A1E0-4D00-8F6C-3FA555EAA163}"
EndProject
Project("{FAE04EC0-301F-11D3-BF4B-00C04F79EFBC}") = "FSO.Vitaboy", "..\..\FreeSO\TSOClient\tso.vitaboy.model\FSO.Vitaboy.csproj", "{9D9558A9-755E-43F9-8BB6-B26F365F5042}"
EndProject
Project("{FAE04EC0-301F-11D3-BF4B-00C04F79EFBC}") = "FSO.LotView", "..\..\FreeSO\TSOClient\tso.world\FSO.LotView.csproj", "{B1A6E4C2-E080-4C34-A604-D11B5296A9B8}"
EndProject
Project("{FAE04EC0-301F-11D3-BF4B-00C04F79EFBC}") = "MonoGame.Framework.Windows", "..\..\FreeSO\Other\libs\FSOMonoGame\MonoGame.Framework\MonoGame.Framework.Windows.csproj", "{7DE47032-A904-4C29-BD22-2D235E8D91BA}"
EndProject
Project("{FAE04EC0-301F-11D3-BF4B-00C04F79EFBC}") = "MonoGame.Framework.Net.WindowsGL", "..\..\FreeSO\Other\libs\FSOMonoGame\MonoGame.Framework\MonoGame.Framework.Net.WindowsGL.csproj", "{6D6009F4-0AFB-4806-89D7-7945F20270F5}"
EndProject
Project("{FAE04EC0-301F-11D3-BF4B-00C04F79EFBC}") = "MonoGame.Framework.iOS", "..\..\FreeSO\Other\libs\FSOMonoGame\MonoGame.Framework\MonoGame.Framework.iOS.csproj", "{DB8508BB-9849-4CC2-BC0F-8EB5DACB3C47}"
EndProject
Project("{FAE04EC0-301F-11D3-BF4B-00C04F79EFBC}") = "TargaImage", "..\..\FreeSO\Other\libs\TargaImage\TargaImage.csproj", "{56F4BD87-2404-4263-80D5-6FA2161EB0A4}"
EndProject
Project("{FAE04EC0-301F-11D3-BF4B-00C04F79EFBC}") = "TargaImagePCL", "..\..\FreeSO\Other\libs\TargaImagePCL\TargaImagePCL.csproj", "{D8232422-9D79-4200-A981-EB70ED82CCF3}"
EndProject
Project("{FAE04EC0-301F-11D3-BF4B-00C04F79EFBC}") = "Mp3Sharp", "..\..\FreeSO\Other\libs\mp3sharp\mp3sharp\Mp3Sharp.csproj", "{834CAB58-648D-47CC-AC6F-D01C08C809A4}"
EndProject
Project("{FAE04EC0-301F-11D3-BF4B-00C04F79EFBC}") = "MonoGame.Framework.WindowsGL", "..\..\FreeSO\Other\libs\FSOMonoGame\MonoGame.Framework\MonoGame.Framework.WindowsGL.csproj", "{6D75E618-19CA-4C51-9546-F10965FBC0B8}"
EndProject
Project("{FAE04EC0-301F-11D3-BF4B-00C04F79EFBC}") = "Lidgren.Network.WindowsGL", "..\..\FreeSO\Other\libs\FSOMonoGame\ThirdParty\Lidgren.Network\Lidgren.Network.WindowsGL.csproj", "{AE483C29-042E-4226-BA52-D247CE7676DA}"
EndProject
Project("{FAE04EC0-301F-11D3-BF4B-00C04F79EFBC}") = "Lidgren.Network.iOS", "..\..\FreeSO\Other\libs\FSOMonoGame\ThirdParty\Lidgren.Network\Lidgren.Network.iOS.csproj", "{734EAA48-F1CA-481A-B391-0285BC0E8B40}"
EndProject
Project("{FAE04EC0-301F-11D3-BF4B-00C04F79EFBC}") = "MonoGame.Framework.Net.iOS", "..\..\FreeSO\Other\libs\FSOMonoGame\MonoGame.Framework\MonoGame.Framework.Net.iOS.csproj", "{D4838656-8545-4DC5-8822-D4AD313E17AC}"
EndProject
Project("{FAE04EC0-301F-11D3-BF4B-00C04F79EFBC}") = "FSO.IDE", "..\..\FreeSO\TSOClient\FSO.IDE\FSO.IDE.csproj", "{5DEB20EB-1EB7-48F9-922C-463ABAE56E63}"
EndProject
Project("{FAE04EC0-301F-11D3-BF4B-00C04F79EFBC}") = "SimplePaletteQuantizer", "..\..\FreeSO\Other\libs\ColorQuantizer\SimplePaletteQuantizer\SimplePaletteQuantizer.csproj", "{37812A22-91F3-4220-891E-5C26DA64A975}"
EndProject
Global
	GlobalSection(SolutionConfigurationPlatforms) = preSolution
		Ad-Hoc|Any CPU = Ad-Hoc|Any CPU
		Ad-Hoc|iPhone = Ad-Hoc|iPhone
		Ad-Hoc|iPhoneSimulator = Ad-Hoc|iPhoneSimulator
		Ad-Hoc|x86 = Ad-Hoc|x86
		AppStore|Any CPU = AppStore|Any CPU
		AppStore|iPhone = AppStore|iPhone
		AppStore|iPhoneSimulator = AppStore|iPhoneSimulator
		AppStore|x86 = AppStore|x86
		Debug|Any CPU = Debug|Any CPU
		Debug|iPhone = Debug|iPhone
		Debug|iPhoneSimulator = Debug|iPhoneSimulator
		Debug|x86 = Debug|x86
		Release|Any CPU = Release|Any CPU
		Release|iPhone = Release|iPhone
		Release|iPhoneSimulator = Release|iPhoneSimulator
		Release|x86 = Release|x86
	EndGlobalSection
	GlobalSection(ProjectConfigurationPlatforms) = postSolution
		{F0BFC685-A357-4E5A-B502-1B5A35970E63}.Ad-Hoc|Any CPU.ActiveCfg = Ad-Hoc|iPhone
		{F0BFC685-A357-4E5A-B502-1B5A35970E63}.Ad-Hoc|iPhone.ActiveCfg = Ad-Hoc|iPhone
		{F0BFC685-A357-4E5A-B502-1B5A35970E63}.Ad-Hoc|iPhone.Build.0 = Ad-Hoc|iPhone
		{F0BFC685-A357-4E5A-B502-1B5A35970E63}.Ad-Hoc|iPhoneSimulator.ActiveCfg = Ad-Hoc|iPhoneSimulator
		{F0BFC685-A357-4E5A-B502-1B5A35970E63}.Ad-Hoc|iPhoneSimulator.Build.0 = Ad-Hoc|iPhoneSimulator
		{F0BFC685-A357-4E5A-B502-1B5A35970E63}.Ad-Hoc|x86.ActiveCfg = Ad-Hoc|iPhone
		{F0BFC685-A357-4E5A-B502-1B5A35970E63}.AppStore|Any CPU.ActiveCfg = AppStore|iPhone
		{F0BFC685-A357-4E5A-B502-1B5A35970E63}.AppStore|iPhone.ActiveCfg = AppStore|iPhone
		{F0BFC685-A357-4E5A-B502-1B5A35970E63}.AppStore|iPhone.Build.0 = AppStore|iPhone
		{F0BFC685-A357-4E5A-B502-1B5A35970E63}.AppStore|iPhoneSimulator.ActiveCfg = AppStore|iPhoneSimulator
		{F0BFC685-A357-4E5A-B502-1B5A35970E63}.AppStore|iPhoneSimulator.Build.0 = AppStore|iPhoneSimulator
		{F0BFC685-A357-4E5A-B502-1B5A35970E63}.AppStore|x86.ActiveCfg = AppStore|iPhone
		{F0BFC685-A357-4E5A-B502-1B5A35970E63}.Debug|Any CPU.ActiveCfg = Debug|iPhone
		{F0BFC685-A357-4E5A-B502-1B5A35970E63}.Debug|iPhone.ActiveCfg = Debug|iPhone
		{F0BFC685-A357-4E5A-B502-1B5A35970E63}.Debug|iPhone.Build.0 = Debug|iPhone
		{F0BFC685-A357-4E5A-B502-1B5A35970E63}.Debug|iPhoneSimulator.ActiveCfg = Debug|iPhoneSimulator
		{F0BFC685-A357-4E5A-B502-1B5A35970E63}.Debug|iPhoneSimulator.Build.0 = Debug|iPhoneSimulator
		{F0BFC685-A357-4E5A-B502-1B5A35970E63}.Debug|x86.ActiveCfg = Debug|iPhone
		{F0BFC685-A357-4E5A-B502-1B5A35970E63}.Release|Any CPU.ActiveCfg = Release|iPhone
		{F0BFC685-A357-4E5A-B502-1B5A35970E63}.Release|iPhone.ActiveCfg = Release|iPhone
		{F0BFC685-A357-4E5A-B502-1B5A35970E63}.Release|iPhone.Build.0 = Release|iPhone
		{F0BFC685-A357-4E5A-B502-1B5A35970E63}.Release|iPhoneSimulator.ActiveCfg = Release|iPhoneSimulator
		{F0BFC685-A357-4E5A-B502-1B5A35970E63}.Release|iPhoneSimulator.Build.0 = Release|iPhoneSimulator
		{F0BFC685-A357-4E5A-B502-1B5A35970E63}.Release|x86.ActiveCfg = Release|iPhone
		{32CBA4DB-99D8-4D1E-9420-E9B0D2359802}.Ad-Hoc|Any CPU.ActiveCfg = Release|x86
		{32CBA4DB-99D8-4D1E-9420-E9B0D2359802}.Ad-Hoc|Any CPU.Build.0 = Release|x86
		{32CBA4DB-99D8-4D1E-9420-E9B0D2359802}.Ad-Hoc|iPhone.ActiveCfg = Release|x86
		{32CBA4DB-99D8-4D1E-9420-E9B0D2359802}.Ad-Hoc|iPhone.Build.0 = Release|x86
		{32CBA4DB-99D8-4D1E-9420-E9B0D2359802}.Ad-Hoc|iPhoneSimulator.ActiveCfg = Release|x86
		{32CBA4DB-99D8-4D1E-9420-E9B0D2359802}.Ad-Hoc|iPhoneSimulator.Build.0 = Release|x86
		{32CBA4DB-99D8-4D1E-9420-E9B0D2359802}.Ad-Hoc|x86.ActiveCfg = Release|x86
		{32CBA4DB-99D8-4D1E-9420-E9B0D2359802}.Ad-Hoc|x86.Build.0 = Release|x86
		{32CBA4DB-99D8-4D1E-9420-E9B0D2359802}.AppStore|Any CPU.ActiveCfg = Release|x86
		{32CBA4DB-99D8-4D1E-9420-E9B0D2359802}.AppStore|Any CPU.Build.0 = Release|x86
		{32CBA4DB-99D8-4D1E-9420-E9B0D2359802}.AppStore|iPhone.ActiveCfg = Release|x86
		{32CBA4DB-99D8-4D1E-9420-E9B0D2359802}.AppStore|iPhone.Build.0 = Release|x86
		{32CBA4DB-99D8-4D1E-9420-E9B0D2359802}.AppStore|iPhoneSimulator.ActiveCfg = Release|x86
		{32CBA4DB-99D8-4D1E-9420-E9B0D2359802}.AppStore|iPhoneSimulator.Build.0 = Release|x86
		{32CBA4DB-99D8-4D1E-9420-E9B0D2359802}.AppStore|x86.ActiveCfg = Release|x86
		{32CBA4DB-99D8-4D1E-9420-E9B0D2359802}.AppStore|x86.Build.0 = Release|x86
		{32CBA4DB-99D8-4D1E-9420-E9B0D2359802}.Debug|Any CPU.ActiveCfg = Debug|x86
		{32CBA4DB-99D8-4D1E-9420-E9B0D2359802}.Debug|Any CPU.Build.0 = Debug|x86
		{32CBA4DB-99D8-4D1E-9420-E9B0D2359802}.Debug|iPhone.ActiveCfg = Release|x86
		{32CBA4DB-99D8-4D1E-9420-E9B0D2359802}.Debug|iPhoneSimulator.ActiveCfg = Debug|x86
		{32CBA4DB-99D8-4D1E-9420-E9B0D2359802}.Debug|x86.ActiveCfg = Debug|x86
		{32CBA4DB-99D8-4D1E-9420-E9B0D2359802}.Debug|x86.Build.0 = Debug|x86
		{32CBA4DB-99D8-4D1E-9420-E9B0D2359802}.Release|Any CPU.ActiveCfg = Release|x86
		{32CBA4DB-99D8-4D1E-9420-E9B0D2359802}.Release|Any CPU.Build.0 = Release|x86
		{32CBA4DB-99D8-4D1E-9420-E9B0D2359802}.Release|iPhone.ActiveCfg = Release|x86
		{32CBA4DB-99D8-4D1E-9420-E9B0D2359802}.Release|iPhoneSimulator.ActiveCfg = Release|x86
		{32CBA4DB-99D8-4D1E-9420-E9B0D2359802}.Release|x86.ActiveCfg = Release|x86
		{32CBA4DB-99D8-4D1E-9420-E9B0D2359802}.Release|x86.Build.0 = Release|x86
		{73E2AD5B-720B-4EF3-9B7C-55931D0EC693}.Ad-Hoc|Any CPU.ActiveCfg = Release|Any CPU
		{73E2AD5B-720B-4EF3-9B7C-55931D0EC693}.Ad-Hoc|Any CPU.Build.0 = Release|Any CPU
		{73E2AD5B-720B-4EF3-9B7C-55931D0EC693}.Ad-Hoc|iPhone.ActiveCfg = Release|Any CPU
		{73E2AD5B-720B-4EF3-9B7C-55931D0EC693}.Ad-Hoc|iPhone.Build.0 = Release|Any CPU
		{73E2AD5B-720B-4EF3-9B7C-55931D0EC693}.Ad-Hoc|iPhoneSimulator.ActiveCfg = Release|Any CPU
		{73E2AD5B-720B-4EF3-9B7C-55931D0EC693}.Ad-Hoc|iPhoneSimulator.Build.0 = Release|Any CPU
		{73E2AD5B-720B-4EF3-9B7C-55931D0EC693}.Ad-Hoc|x86.ActiveCfg = Release|Any CPU
		{73E2AD5B-720B-4EF3-9B7C-55931D0EC693}.Ad-Hoc|x86.Build.0 = Release|Any CPU
		{73E2AD5B-720B-4EF3-9B7C-55931D0EC693}.AppStore|Any CPU.ActiveCfg = Release|Any CPU
		{73E2AD5B-720B-4EF3-9B7C-55931D0EC693}.AppStore|Any CPU.Build.0 = Release|Any CPU
		{73E2AD5B-720B-4EF3-9B7C-55931D0EC693}.AppStore|iPhone.ActiveCfg = Release|Any CPU
		{73E2AD5B-720B-4EF3-9B7C-55931D0EC693}.AppStore|iPhone.Build.0 = Release|Any CPU
		{73E2AD5B-720B-4EF3-9B7C-55931D0EC693}.AppStore|iPhoneSimulator.ActiveCfg = Release|Any CPU
		{73E2AD5B-720B-4EF3-9B7C-55931D0EC693}.AppStore|iPhoneSimulator.Build.0 = Release|Any CPU
		{73E2AD5B-720B-4EF3-9B7C-55931D0EC693}.AppStore|x86.ActiveCfg = Release|Any CPU
		{73E2AD5B-720B-4EF3-9B7C-55931D0EC693}.AppStore|x86.Build.0 = Release|Any CPU
		{73E2AD5B-720B-4EF3-9B7C-55931D0EC693}.Debug|Any CPU.ActiveCfg = Debug|Any CPU
		{73E2AD5B-720B-4EF3-9B7C-55931D0EC693}.Debug|Any CPU.Build.0 = Debug|Any CPU
		{73E2AD5B-720B-4EF3-9B7C-55931D0EC693}.Debug|iPhone.ActiveCfg = Release|Any CPU
		{73E2AD5B-720B-4EF3-9B7C-55931D0EC693}.Debug|iPhone.Build.0 = Release|Any CPU
		{73E2AD5B-720B-4EF3-9B7C-55931D0EC693}.Debug|iPhoneSimulator.ActiveCfg = Debug|Any CPU
		{73E2AD5B-720B-4EF3-9B7C-55931D0EC693}.Debug|iPhoneSimulator.Build.0 = Debug|Any CPU
		{73E2AD5B-720B-4EF3-9B7C-55931D0EC693}.Debug|x86.ActiveCfg = Debug|Any CPU
		{73E2AD5B-720B-4EF3-9B7C-55931D0EC693}.Debug|x86.Build.0 = Debug|Any CPU
		{73E2AD5B-720B-4EF3-9B7C-55931D0EC693}.Release|Any CPU.ActiveCfg = Release|Any CPU
		{73E2AD5B-720B-4EF3-9B7C-55931D0EC693}.Release|Any CPU.Build.0 = Release|Any CPU
		{73E2AD5B-720B-4EF3-9B7C-55931D0EC693}.Release|iPhone.ActiveCfg = Release|Any CPU
		{73E2AD5B-720B-4EF3-9B7C-55931D0EC693}.Release|iPhone.Build.0 = Release|Any CPU
		{73E2AD5B-720B-4EF3-9B7C-55931D0EC693}.Release|iPhoneSimulator.ActiveCfg = Release|Any CPU
		{73E2AD5B-720B-4EF3-9B7C-55931D0EC693}.Release|iPhoneSimulator.Build.0 = Release|Any CPU
		{73E2AD5B-720B-4EF3-9B7C-55931D0EC693}.Release|x86.ActiveCfg = Release|Any CPU
		{73E2AD5B-720B-4EF3-9B7C-55931D0EC693}.Release|x86.Build.0 = Release|Any CPU
		{0F20013D-0610-4573-A346-1C5A461B0BA0}.Ad-Hoc|Any CPU.ActiveCfg = Release|Any CPU
		{0F20013D-0610-4573-A346-1C5A461B0BA0}.Ad-Hoc|Any CPU.Build.0 = Release|Any CPU
		{0F20013D-0610-4573-A346-1C5A461B0BA0}.Ad-Hoc|iPhone.ActiveCfg = Release|Any CPU
		{0F20013D-0610-4573-A346-1C5A461B0BA0}.Ad-Hoc|iPhone.Build.0 = Release|Any CPU
		{0F20013D-0610-4573-A346-1C5A461B0BA0}.Ad-Hoc|iPhoneSimulator.ActiveCfg = Release|Any CPU
		{0F20013D-0610-4573-A346-1C5A461B0BA0}.Ad-Hoc|iPhoneSimulator.Build.0 = Release|Any CPU
		{0F20013D-0610-4573-A346-1C5A461B0BA0}.Ad-Hoc|x86.ActiveCfg = Release|Any CPU
		{0F20013D-0610-4573-A346-1C5A461B0BA0}.Ad-Hoc|x86.Build.0 = Release|Any CPU
		{0F20013D-0610-4573-A346-1C5A461B0BA0}.AppStore|Any CPU.ActiveCfg = Release|Any CPU
		{0F20013D-0610-4573-A346-1C5A461B0BA0}.AppStore|Any CPU.Build.0 = Release|Any CPU
		{0F20013D-0610-4573-A346-1C5A461B0BA0}.AppStore|iPhone.ActiveCfg = Release|Any CPU
		{0F20013D-0610-4573-A346-1C5A461B0BA0}.AppStore|iPhone.Build.0 = Release|Any CPU
		{0F20013D-0610-4573-A346-1C5A461B0BA0}.AppStore|iPhoneSimulator.ActiveCfg = Release|Any CPU
		{0F20013D-0610-4573-A346-1C5A461B0BA0}.AppStore|iPhoneSimulator.Build.0 = Release|Any CPU
		{0F20013D-0610-4573-A346-1C5A461B0BA0}.AppStore|x86.ActiveCfg = Release|Any CPU
		{0F20013D-0610-4573-A346-1C5A461B0BA0}.AppStore|x86.Build.0 = Release|Any CPU
		{0F20013D-0610-4573-A346-1C5A461B0BA0}.Debug|Any CPU.ActiveCfg = Debug|Any CPU
		{0F20013D-0610-4573-A346-1C5A461B0BA0}.Debug|Any CPU.Build.0 = Debug|Any CPU
		{0F20013D-0610-4573-A346-1C5A461B0BA0}.Debug|iPhone.ActiveCfg = Release|Any CPU
		{0F20013D-0610-4573-A346-1C5A461B0BA0}.Debug|iPhone.Build.0 = Release|Any CPU
		{0F20013D-0610-4573-A346-1C5A461B0BA0}.Debug|iPhoneSimulator.ActiveCfg = Debug|Any CPU
		{0F20013D-0610-4573-A346-1C5A461B0BA0}.Debug|iPhoneSimulator.Build.0 = Debug|Any CPU
		{0F20013D-0610-4573-A346-1C5A461B0BA0}.Debug|x86.ActiveCfg = Debug|Any CPU
		{0F20013D-0610-4573-A346-1C5A461B0BA0}.Debug|x86.Build.0 = Debug|Any CPU
		{0F20013D-0610-4573-A346-1C5A461B0BA0}.Release|Any CPU.ActiveCfg = Release|Any CPU
		{0F20013D-0610-4573-A346-1C5A461B0BA0}.Release|Any CPU.Build.0 = Release|Any CPU
		{0F20013D-0610-4573-A346-1C5A461B0BA0}.Release|iPhone.ActiveCfg = Release|Any CPU
		{0F20013D-0610-4573-A346-1C5A461B0BA0}.Release|iPhone.Build.0 = Release|Any CPU
		{0F20013D-0610-4573-A346-1C5A461B0BA0}.Release|iPhoneSimulator.ActiveCfg = Release|Any CPU
		{0F20013D-0610-4573-A346-1C5A461B0BA0}.Release|iPhoneSimulator.Build.0 = Release|Any CPU
		{0F20013D-0610-4573-A346-1C5A461B0BA0}.Release|x86.ActiveCfg = Release|Any CPU
		{0F20013D-0610-4573-A346-1C5A461B0BA0}.Release|x86.Build.0 = Release|Any CPU
		{C0068DF7-F2E8-4399-846D-556BF9A35C00}.Ad-Hoc|Any CPU.ActiveCfg = Release|x86
		{C0068DF7-F2E8-4399-846D-556BF9A35C00}.Ad-Hoc|Any CPU.Build.0 = Release|x86
		{C0068DF7-F2E8-4399-846D-556BF9A35C00}.Ad-Hoc|iPhone.ActiveCfg = Release|x86
		{C0068DF7-F2E8-4399-846D-556BF9A35C00}.Ad-Hoc|iPhone.Build.0 = Release|x86
		{C0068DF7-F2E8-4399-846D-556BF9A35C00}.Ad-Hoc|iPhoneSimulator.ActiveCfg = Release|x86
		{C0068DF7-F2E8-4399-846D-556BF9A35C00}.Ad-Hoc|iPhoneSimulator.Build.0 = Release|x86
		{C0068DF7-F2E8-4399-846D-556BF9A35C00}.Ad-Hoc|x86.ActiveCfg = Release|x86
		{C0068DF7-F2E8-4399-846D-556BF9A35C00}.Ad-Hoc|x86.Build.0 = Release|x86
		{C0068DF7-F2E8-4399-846D-556BF9A35C00}.AppStore|Any CPU.ActiveCfg = Release|x86
		{C0068DF7-F2E8-4399-846D-556BF9A35C00}.AppStore|Any CPU.Build.0 = Release|x86
		{C0068DF7-F2E8-4399-846D-556BF9A35C00}.AppStore|iPhone.ActiveCfg = Release|x86
		{C0068DF7-F2E8-4399-846D-556BF9A35C00}.AppStore|iPhone.Build.0 = Release|x86
		{C0068DF7-F2E8-4399-846D-556BF9A35C00}.AppStore|iPhoneSimulator.ActiveCfg = Release|x86
		{C0068DF7-F2E8-4399-846D-556BF9A35C00}.AppStore|iPhoneSimulator.Build.0 = Release|x86
		{C0068DF7-F2E8-4399-846D-556BF9A35C00}.AppStore|x86.ActiveCfg = Release|x86
		{C0068DF7-F2E8-4399-846D-556BF9A35C00}.AppStore|x86.Build.0 = Release|x86
		{C0068DF7-F2E8-4399-846D-556BF9A35C00}.Debug|Any CPU.ActiveCfg = Debug|x86
		{C0068DF7-F2E8-4399-846D-556BF9A35C00}.Debug|Any CPU.Build.0 = Debug|x86
		{C0068DF7-F2E8-4399-846D-556BF9A35C00}.Debug|iPhone.ActiveCfg = Release|x86
		{C0068DF7-F2E8-4399-846D-556BF9A35C00}.Debug|iPhone.Build.0 = Release|x86
		{C0068DF7-F2E8-4399-846D-556BF9A35C00}.Debug|iPhoneSimulator.ActiveCfg = Debug|x86
		{C0068DF7-F2E8-4399-846D-556BF9A35C00}.Debug|x86.ActiveCfg = Debug|x86
		{C0068DF7-F2E8-4399-846D-556BF9A35C00}.Debug|x86.Build.0 = Debug|x86
		{C0068DF7-F2E8-4399-846D-556BF9A35C00}.Release|Any CPU.ActiveCfg = Release|x86
		{C0068DF7-F2E8-4399-846D-556BF9A35C00}.Release|Any CPU.Build.0 = Release|x86
		{C0068DF7-F2E8-4399-846D-556BF9A35C00}.Release|iPhone.ActiveCfg = Release|x86
		{C0068DF7-F2E8-4399-846D-556BF9A35C00}.Release|iPhone.Build.0 = Release|x86
		{C0068DF7-F2E8-4399-846D-556BF9A35C00}.Release|iPhoneSimulator.ActiveCfg = Release|x86
		{C0068DF7-F2E8-4399-846D-556BF9A35C00}.Release|x86.ActiveCfg = Release|x86
		{C0068DF7-F2E8-4399-846D-556BF9A35C00}.Release|x86.Build.0 = Release|x86
		{C42962A1-8796-4F47-9DCD-79ED5904D8CA}.Ad-Hoc|Any CPU.ActiveCfg = Release|Any CPU
		{C42962A1-8796-4F47-9DCD-79ED5904D8CA}.Ad-Hoc|Any CPU.Build.0 = Release|Any CPU
		{C42962A1-8796-4F47-9DCD-79ED5904D8CA}.Ad-Hoc|iPhone.ActiveCfg = Release|Any CPU
		{C42962A1-8796-4F47-9DCD-79ED5904D8CA}.Ad-Hoc|iPhone.Build.0 = Release|Any CPU
		{C42962A1-8796-4F47-9DCD-79ED5904D8CA}.Ad-Hoc|iPhoneSimulator.ActiveCfg = Release|Any CPU
		{C42962A1-8796-4F47-9DCD-79ED5904D8CA}.Ad-Hoc|iPhoneSimulator.Build.0 = Release|Any CPU
		{C42962A1-8796-4F47-9DCD-79ED5904D8CA}.Ad-Hoc|x86.ActiveCfg = Release|x86
		{C42962A1-8796-4F47-9DCD-79ED5904D8CA}.Ad-Hoc|x86.Build.0 = Release|x86
		{C42962A1-8796-4F47-9DCD-79ED5904D8CA}.AppStore|Any CPU.ActiveCfg = Release|Any CPU
		{C42962A1-8796-4F47-9DCD-79ED5904D8CA}.AppStore|Any CPU.Build.0 = Release|Any CPU
		{C42962A1-8796-4F47-9DCD-79ED5904D8CA}.AppStore|iPhone.ActiveCfg = Release|Any CPU
		{C42962A1-8796-4F47-9DCD-79ED5904D8CA}.AppStore|iPhone.Build.0 = Release|Any CPU
		{C42962A1-8796-4F47-9DCD-79ED5904D8CA}.AppStore|iPhoneSimulator.ActiveCfg = Release|Any CPU
		{C42962A1-8796-4F47-9DCD-79ED5904D8CA}.AppStore|iPhoneSimulator.Build.0 = Release|Any CPU
		{C42962A1-8796-4F47-9DCD-79ED5904D8CA}.AppStore|x86.ActiveCfg = Release|x86
		{C42962A1-8796-4F47-9DCD-79ED5904D8CA}.AppStore|x86.Build.0 = Release|x86
		{C42962A1-8796-4F47-9DCD-79ED5904D8CA}.Debug|Any CPU.ActiveCfg = Debug|Any CPU
		{C42962A1-8796-4F47-9DCD-79ED5904D8CA}.Debug|Any CPU.Build.0 = Debug|Any CPU
		{C42962A1-8796-4F47-9DCD-79ED5904D8CA}.Debug|iPhone.ActiveCfg = Release|Any CPU
		{C42962A1-8796-4F47-9DCD-79ED5904D8CA}.Debug|iPhone.Build.0 = Release|Any CPU
		{C42962A1-8796-4F47-9DCD-79ED5904D8CA}.Debug|iPhoneSimulator.ActiveCfg = Debug|Any CPU
		{C42962A1-8796-4F47-9DCD-79ED5904D8CA}.Debug|iPhoneSimulator.Build.0 = Debug|Any CPU
		{C42962A1-8796-4F47-9DCD-79ED5904D8CA}.Debug|x86.ActiveCfg = Debug|x86
		{C42962A1-8796-4F47-9DCD-79ED5904D8CA}.Debug|x86.Build.0 = Debug|x86
		{C42962A1-8796-4F47-9DCD-79ED5904D8CA}.Release|Any CPU.ActiveCfg = Release|Any CPU
		{C42962A1-8796-4F47-9DCD-79ED5904D8CA}.Release|Any CPU.Build.0 = Release|Any CPU
		{C42962A1-8796-4F47-9DCD-79ED5904D8CA}.Release|iPhone.ActiveCfg = Release|Any CPU
		{C42962A1-8796-4F47-9DCD-79ED5904D8CA}.Release|iPhone.Build.0 = Release|Any CPU
		{C42962A1-8796-4F47-9DCD-79ED5904D8CA}.Release|iPhoneSimulator.ActiveCfg = Release|Any CPU
		{C42962A1-8796-4F47-9DCD-79ED5904D8CA}.Release|iPhoneSimulator.Build.0 = Release|Any CPU
		{C42962A1-8796-4F47-9DCD-79ED5904D8CA}.Release|x86.ActiveCfg = Release|x86
		{C42962A1-8796-4F47-9DCD-79ED5904D8CA}.Release|x86.Build.0 = Release|x86
		{18583453-A970-4AC5-83B1-2D6BFDF94C24}.Ad-Hoc|Any CPU.ActiveCfg = Release|x86
		{18583453-A970-4AC5-83B1-2D6BFDF94C24}.Ad-Hoc|Any CPU.Build.0 = Release|x86
		{18583453-A970-4AC5-83B1-2D6BFDF94C24}.Ad-Hoc|iPhone.ActiveCfg = Release|x86
		{18583453-A970-4AC5-83B1-2D6BFDF94C24}.Ad-Hoc|iPhone.Build.0 = Release|x86
		{18583453-A970-4AC5-83B1-2D6BFDF94C24}.Ad-Hoc|iPhoneSimulator.ActiveCfg = Release|x86
		{18583453-A970-4AC5-83B1-2D6BFDF94C24}.Ad-Hoc|iPhoneSimulator.Build.0 = Release|x86
		{18583453-A970-4AC5-83B1-2D6BFDF94C24}.Ad-Hoc|x86.ActiveCfg = Release|x86
		{18583453-A970-4AC5-83B1-2D6BFDF94C24}.Ad-Hoc|x86.Build.0 = Release|x86
		{18583453-A970-4AC5-83B1-2D6BFDF94C24}.AppStore|Any CPU.ActiveCfg = Release|x86
		{18583453-A970-4AC5-83B1-2D6BFDF94C24}.AppStore|Any CPU.Build.0 = Release|x86
		{18583453-A970-4AC5-83B1-2D6BFDF94C24}.AppStore|iPhone.ActiveCfg = Release|x86
		{18583453-A970-4AC5-83B1-2D6BFDF94C24}.AppStore|iPhone.Build.0 = Release|x86
		{18583453-A970-4AC5-83B1-2D6BFDF94C24}.AppStore|iPhoneSimulator.ActiveCfg = Release|x86
		{18583453-A970-4AC5-83B1-2D6BFDF94C24}.AppStore|iPhoneSimulator.Build.0 = Release|x86
		{18583453-A970-4AC5-83B1-2D6BFDF94C24}.AppStore|x86.ActiveCfg = Release|x86
		{18583453-A970-4AC5-83B1-2D6BFDF94C24}.AppStore|x86.Build.0 = Release|x86
		{18583453-A970-4AC5-83B1-2D6BFDF94C24}.Debug|Any CPU.ActiveCfg = Debug|x86
		{18583453-A970-4AC5-83B1-2D6BFDF94C24}.Debug|Any CPU.Build.0 = Debug|x86
		{18583453-A970-4AC5-83B1-2D6BFDF94C24}.Debug|iPhone.ActiveCfg = Release|x86
		{18583453-A970-4AC5-83B1-2D6BFDF94C24}.Debug|iPhone.Build.0 = Release|x86
		{18583453-A970-4AC5-83B1-2D6BFDF94C24}.Debug|iPhoneSimulator.ActiveCfg = Debug|x86
		{18583453-A970-4AC5-83B1-2D6BFDF94C24}.Debug|x86.ActiveCfg = Debug|x86
		{18583453-A970-4AC5-83B1-2D6BFDF94C24}.Debug|x86.Build.0 = Debug|x86
		{18583453-A970-4AC5-83B1-2D6BFDF94C24}.Release|Any CPU.ActiveCfg = Release|x86
		{18583453-A970-4AC5-83B1-2D6BFDF94C24}.Release|Any CPU.Build.0 = Release|x86
		{18583453-A970-4AC5-83B1-2D6BFDF94C24}.Release|iPhone.ActiveCfg = Release|x86
		{18583453-A970-4AC5-83B1-2D6BFDF94C24}.Release|iPhone.Build.0 = Release|x86
		{18583453-A970-4AC5-83B1-2D6BFDF94C24}.Release|iPhoneSimulator.ActiveCfg = Release|x86
		{18583453-A970-4AC5-83B1-2D6BFDF94C24}.Release|x86.ActiveCfg = Release|x86
		{18583453-A970-4AC5-83B1-2D6BFDF94C24}.Release|x86.Build.0 = Release|x86
		{5EDDEFD2-C850-49C1-812D-DDEFF09125EF}.Ad-Hoc|Any CPU.ActiveCfg = Release|x86
		{5EDDEFD2-C850-49C1-812D-DDEFF09125EF}.Ad-Hoc|Any CPU.Build.0 = Release|x86
		{5EDDEFD2-C850-49C1-812D-DDEFF09125EF}.Ad-Hoc|iPhone.ActiveCfg = Release|x86
		{5EDDEFD2-C850-49C1-812D-DDEFF09125EF}.Ad-Hoc|iPhone.Build.0 = Release|x86
		{5EDDEFD2-C850-49C1-812D-DDEFF09125EF}.Ad-Hoc|iPhoneSimulator.ActiveCfg = Release|x86
		{5EDDEFD2-C850-49C1-812D-DDEFF09125EF}.Ad-Hoc|iPhoneSimulator.Build.0 = Release|x86
		{5EDDEFD2-C850-49C1-812D-DDEFF09125EF}.Ad-Hoc|x86.ActiveCfg = Release|x86
		{5EDDEFD2-C850-49C1-812D-DDEFF09125EF}.Ad-Hoc|x86.Build.0 = Release|x86
		{5EDDEFD2-C850-49C1-812D-DDEFF09125EF}.AppStore|Any CPU.ActiveCfg = Release|x86
		{5EDDEFD2-C850-49C1-812D-DDEFF09125EF}.AppStore|Any CPU.Build.0 = Release|x86
		{5EDDEFD2-C850-49C1-812D-DDEFF09125EF}.AppStore|iPhone.ActiveCfg = Release|x86
		{5EDDEFD2-C850-49C1-812D-DDEFF09125EF}.AppStore|iPhone.Build.0 = Release|x86
		{5EDDEFD2-C850-49C1-812D-DDEFF09125EF}.AppStore|iPhoneSimulator.ActiveCfg = Release|x86
		{5EDDEFD2-C850-49C1-812D-DDEFF09125EF}.AppStore|iPhoneSimulator.Build.0 = Release|x86
		{5EDDEFD2-C850-49C1-812D-DDEFF09125EF}.AppStore|x86.ActiveCfg = Release|x86
		{5EDDEFD2-C850-49C1-812D-DDEFF09125EF}.AppStore|x86.Build.0 = Release|x86
		{5EDDEFD2-C850-49C1-812D-DDEFF09125EF}.Debug|Any CPU.ActiveCfg = Debug|x86
		{5EDDEFD2-C850-49C1-812D-DDEFF09125EF}.Debug|Any CPU.Build.0 = Debug|x86
		{5EDDEFD2-C850-49C1-812D-DDEFF09125EF}.Debug|iPhone.ActiveCfg = Release|x86
		{5EDDEFD2-C850-49C1-812D-DDEFF09125EF}.Debug|iPhone.Build.0 = Release|x86
		{5EDDEFD2-C850-49C1-812D-DDEFF09125EF}.Debug|iPhoneSimulator.ActiveCfg = Debug|x86
		{5EDDEFD2-C850-49C1-812D-DDEFF09125EF}.Debug|x86.ActiveCfg = Debug|x86
		{5EDDEFD2-C850-49C1-812D-DDEFF09125EF}.Debug|x86.Build.0 = Debug|x86
		{5EDDEFD2-C850-49C1-812D-DDEFF09125EF}.Release|Any CPU.ActiveCfg = Release|x86
		{5EDDEFD2-C850-49C1-812D-DDEFF09125EF}.Release|Any CPU.Build.0 = Release|x86
		{5EDDEFD2-C850-49C1-812D-DDEFF09125EF}.Release|iPhone.ActiveCfg = Release|x86
		{5EDDEFD2-C850-49C1-812D-DDEFF09125EF}.Release|iPhone.Build.0 = Release|x86
		{5EDDEFD2-C850-49C1-812D-DDEFF09125EF}.Release|iPhoneSimulator.ActiveCfg = Release|x86
		{5EDDEFD2-C850-49C1-812D-DDEFF09125EF}.Release|x86.ActiveCfg = Release|x86
		{5EDDEFD2-C850-49C1-812D-DDEFF09125EF}.Release|x86.Build.0 = Release|x86
		{072781D8-51EC-4143-9CAE-DAF50177D3AD}.Ad-Hoc|Any CPU.ActiveCfg = Release|x86
		{072781D8-51EC-4143-9CAE-DAF50177D3AD}.Ad-Hoc|Any CPU.Build.0 = Release|x86
		{072781D8-51EC-4143-9CAE-DAF50177D3AD}.Ad-Hoc|iPhone.ActiveCfg = Release|x86
		{072781D8-51EC-4143-9CAE-DAF50177D3AD}.Ad-Hoc|iPhone.Build.0 = Release|x86
		{072781D8-51EC-4143-9CAE-DAF50177D3AD}.Ad-Hoc|iPhoneSimulator.ActiveCfg = Release|x86
		{072781D8-51EC-4143-9CAE-DAF50177D3AD}.Ad-Hoc|iPhoneSimulator.Build.0 = Release|x86
		{072781D8-51EC-4143-9CAE-DAF50177D3AD}.Ad-Hoc|x86.ActiveCfg = Release|x86
		{072781D8-51EC-4143-9CAE-DAF50177D3AD}.Ad-Hoc|x86.Build.0 = Release|x86
		{072781D8-51EC-4143-9CAE-DAF50177D3AD}.AppStore|Any CPU.ActiveCfg = Release|x86
		{072781D8-51EC-4143-9CAE-DAF50177D3AD}.AppStore|Any CPU.Build.0 = Release|x86
		{072781D8-51EC-4143-9CAE-DAF50177D3AD}.AppStore|iPhone.ActiveCfg = Release|x86
		{072781D8-51EC-4143-9CAE-DAF50177D3AD}.AppStore|iPhone.Build.0 = Release|x86
		{072781D8-51EC-4143-9CAE-DAF50177D3AD}.AppStore|iPhoneSimulator.ActiveCfg = Release|x86
		{072781D8-51EC-4143-9CAE-DAF50177D3AD}.AppStore|iPhoneSimulator.Build.0 = Release|x86
		{072781D8-51EC-4143-9CAE-DAF50177D3AD}.AppStore|x86.ActiveCfg = Release|x86
		{072781D8-51EC-4143-9CAE-DAF50177D3AD}.AppStore|x86.Build.0 = Release|x86
		{072781D8-51EC-4143-9CAE-DAF50177D3AD}.Debug|Any CPU.ActiveCfg = Debug|x86
		{072781D8-51EC-4143-9CAE-DAF50177D3AD}.Debug|Any CPU.Build.0 = Debug|x86
		{072781D8-51EC-4143-9CAE-DAF50177D3AD}.Debug|iPhone.ActiveCfg = Release|x86
		{072781D8-51EC-4143-9CAE-DAF50177D3AD}.Debug|iPhone.Build.0 = Release|x86
		{072781D8-51EC-4143-9CAE-DAF50177D3AD}.Debug|iPhoneSimulator.ActiveCfg = Debug|x86
		{072781D8-51EC-4143-9CAE-DAF50177D3AD}.Debug|x86.ActiveCfg = Debug|x86
		{072781D8-51EC-4143-9CAE-DAF50177D3AD}.Debug|x86.Build.0 = Debug|x86
		{072781D8-51EC-4143-9CAE-DAF50177D3AD}.Release|Any CPU.ActiveCfg = Release|x86
		{072781D8-51EC-4143-9CAE-DAF50177D3AD}.Release|Any CPU.Build.0 = Release|x86
		{072781D8-51EC-4143-9CAE-DAF50177D3AD}.Release|iPhone.ActiveCfg = Release|x86
		{072781D8-51EC-4143-9CAE-DAF50177D3AD}.Release|iPhone.Build.0 = Release|x86
		{072781D8-51EC-4143-9CAE-DAF50177D3AD}.Release|iPhoneSimulator.ActiveCfg = Release|x86
		{072781D8-51EC-4143-9CAE-DAF50177D3AD}.Release|x86.ActiveCfg = Release|x86
		{072781D8-51EC-4143-9CAE-DAF50177D3AD}.Release|x86.Build.0 = Release|x86
		{FD7957F7-A1E0-4D00-8F6C-3FA555EAA163}.Ad-Hoc|Any CPU.ActiveCfg = Release|x86
		{FD7957F7-A1E0-4D00-8F6C-3FA555EAA163}.Ad-Hoc|Any CPU.Build.0 = Release|x86
		{FD7957F7-A1E0-4D00-8F6C-3FA555EAA163}.Ad-Hoc|iPhone.ActiveCfg = Release|x86
		{FD7957F7-A1E0-4D00-8F6C-3FA555EAA163}.Ad-Hoc|iPhone.Build.0 = Release|x86
		{FD7957F7-A1E0-4D00-8F6C-3FA555EAA163}.Ad-Hoc|iPhoneSimulator.ActiveCfg = Release|x86
		{FD7957F7-A1E0-4D00-8F6C-3FA555EAA163}.Ad-Hoc|iPhoneSimulator.Build.0 = Release|x86
		{FD7957F7-A1E0-4D00-8F6C-3FA555EAA163}.Ad-Hoc|x86.ActiveCfg = Release|x86
		{FD7957F7-A1E0-4D00-8F6C-3FA555EAA163}.Ad-Hoc|x86.Build.0 = Release|x86
		{FD7957F7-A1E0-4D00-8F6C-3FA555EAA163}.AppStore|Any CPU.ActiveCfg = Release|x86
		{FD7957F7-A1E0-4D00-8F6C-3FA555EAA163}.AppStore|Any CPU.Build.0 = Release|x86
		{FD7957F7-A1E0-4D00-8F6C-3FA555EAA163}.AppStore|iPhone.ActiveCfg = Release|x86
		{FD7957F7-A1E0-4D00-8F6C-3FA555EAA163}.AppStore|iPhone.Build.0 = Release|x86
		{FD7957F7-A1E0-4D00-8F6C-3FA555EAA163}.AppStore|iPhoneSimulator.ActiveCfg = Release|x86
		{FD7957F7-A1E0-4D00-8F6C-3FA555EAA163}.AppStore|iPhoneSimulator.Build.0 = Release|x86
		{FD7957F7-A1E0-4D00-8F6C-3FA555EAA163}.AppStore|x86.ActiveCfg = Release|x86
		{FD7957F7-A1E0-4D00-8F6C-3FA555EAA163}.AppStore|x86.Build.0 = Release|x86
		{FD7957F7-A1E0-4D00-8F6C-3FA555EAA163}.Debug|Any CPU.ActiveCfg = Debug|x86
		{FD7957F7-A1E0-4D00-8F6C-3FA555EAA163}.Debug|Any CPU.Build.0 = Debug|x86
		{FD7957F7-A1E0-4D00-8F6C-3FA555EAA163}.Debug|iPhone.ActiveCfg = Release|x86
		{FD7957F7-A1E0-4D00-8F6C-3FA555EAA163}.Debug|iPhone.Build.0 = Release|x86
		{FD7957F7-A1E0-4D00-8F6C-3FA555EAA163}.Debug|iPhoneSimulator.ActiveCfg = Debug|x86
		{FD7957F7-A1E0-4D00-8F6C-3FA555EAA163}.Debug|x86.ActiveCfg = Debug|x86
		{FD7957F7-A1E0-4D00-8F6C-3FA555EAA163}.Debug|x86.Build.0 = Debug|x86
		{FD7957F7-A1E0-4D00-8F6C-3FA555EAA163}.Release|Any CPU.ActiveCfg = Release|x86
		{FD7957F7-A1E0-4D00-8F6C-3FA555EAA163}.Release|Any CPU.Build.0 = Release|x86
		{FD7957F7-A1E0-4D00-8F6C-3FA555EAA163}.Release|iPhone.ActiveCfg = Release|x86
		{FD7957F7-A1E0-4D00-8F6C-3FA555EAA163}.Release|iPhone.Build.0 = Release|x86
		{FD7957F7-A1E0-4D00-8F6C-3FA555EAA163}.Release|iPhoneSimulator.ActiveCfg = Release|x86
		{FD7957F7-A1E0-4D00-8F6C-3FA555EAA163}.Release|x86.ActiveCfg = Release|x86
		{FD7957F7-A1E0-4D00-8F6C-3FA555EAA163}.Release|x86.Build.0 = Release|x86
		{9D9558A9-755E-43F9-8BB6-B26F365F5042}.Ad-Hoc|Any CPU.ActiveCfg = Release|x86
		{9D9558A9-755E-43F9-8BB6-B26F365F5042}.Ad-Hoc|Any CPU.Build.0 = Release|x86
		{9D9558A9-755E-43F9-8BB6-B26F365F5042}.Ad-Hoc|iPhone.ActiveCfg = Release|x86
		{9D9558A9-755E-43F9-8BB6-B26F365F5042}.Ad-Hoc|iPhone.Build.0 = Release|x86
		{9D9558A9-755E-43F9-8BB6-B26F365F5042}.Ad-Hoc|iPhoneSimulator.ActiveCfg = Release|x86
		{9D9558A9-755E-43F9-8BB6-B26F365F5042}.Ad-Hoc|iPhoneSimulator.Build.0 = Release|x86
		{9D9558A9-755E-43F9-8BB6-B26F365F5042}.Ad-Hoc|x86.ActiveCfg = Release|x86
		{9D9558A9-755E-43F9-8BB6-B26F365F5042}.Ad-Hoc|x86.Build.0 = Release|x86
		{9D9558A9-755E-43F9-8BB6-B26F365F5042}.AppStore|Any CPU.ActiveCfg = Release|x86
		{9D9558A9-755E-43F9-8BB6-B26F365F5042}.AppStore|Any CPU.Build.0 = Release|x86
		{9D9558A9-755E-43F9-8BB6-B26F365F5042}.AppStore|iPhone.ActiveCfg = Release|x86
		{9D9558A9-755E-43F9-8BB6-B26F365F5042}.AppStore|iPhone.Build.0 = Release|x86
		{9D9558A9-755E-43F9-8BB6-B26F365F5042}.AppStore|iPhoneSimulator.ActiveCfg = Release|x86
		{9D9558A9-755E-43F9-8BB6-B26F365F5042}.AppStore|iPhoneSimulator.Build.0 = Release|x86
		{9D9558A9-755E-43F9-8BB6-B26F365F5042}.AppStore|x86.ActiveCfg = Release|x86
		{9D9558A9-755E-43F9-8BB6-B26F365F5042}.AppStore|x86.Build.0 = Release|x86
		{9D9558A9-755E-43F9-8BB6-B26F365F5042}.Debug|Any CPU.ActiveCfg = Debug|x86
		{9D9558A9-755E-43F9-8BB6-B26F365F5042}.Debug|Any CPU.Build.0 = Debug|x86
		{9D9558A9-755E-43F9-8BB6-B26F365F5042}.Debug|iPhone.ActiveCfg = Release|x86
		{9D9558A9-755E-43F9-8BB6-B26F365F5042}.Debug|iPhone.Build.0 = Release|x86
		{9D9558A9-755E-43F9-8BB6-B26F365F5042}.Debug|iPhoneSimulator.ActiveCfg = Debug|x86
		{9D9558A9-755E-43F9-8BB6-B26F365F5042}.Debug|x86.ActiveCfg = Debug|x86
		{9D9558A9-755E-43F9-8BB6-B26F365F5042}.Debug|x86.Build.0 = Debug|x86
		{9D9558A9-755E-43F9-8BB6-B26F365F5042}.Release|Any CPU.ActiveCfg = Release|x86
		{9D9558A9-755E-43F9-8BB6-B26F365F5042}.Release|Any CPU.Build.0 = Release|x86
		{9D9558A9-755E-43F9-8BB6-B26F365F5042}.Release|iPhone.ActiveCfg = Release|x86
		{9D9558A9-755E-43F9-8BB6-B26F365F5042}.Release|iPhone.Build.0 = Release|x86
		{9D9558A9-755E-43F9-8BB6-B26F365F5042}.Release|iPhoneSimulator.ActiveCfg = Release|x86
		{9D9558A9-755E-43F9-8BB6-B26F365F5042}.Release|x86.ActiveCfg = Release|x86
		{9D9558A9-755E-43F9-8BB6-B26F365F5042}.Release|x86.Build.0 = Release|x86
		{B1A6E4C2-E080-4C34-A604-D11B5296A9B8}.Ad-Hoc|Any CPU.ActiveCfg = Release|x86
		{B1A6E4C2-E080-4C34-A604-D11B5296A9B8}.Ad-Hoc|Any CPU.Build.0 = Release|x86
		{B1A6E4C2-E080-4C34-A604-D11B5296A9B8}.Ad-Hoc|iPhone.ActiveCfg = Release|x86
		{B1A6E4C2-E080-4C34-A604-D11B5296A9B8}.Ad-Hoc|iPhone.Build.0 = Release|x86
		{B1A6E4C2-E080-4C34-A604-D11B5296A9B8}.Ad-Hoc|iPhoneSimulator.ActiveCfg = Release|x86
		{B1A6E4C2-E080-4C34-A604-D11B5296A9B8}.Ad-Hoc|iPhoneSimulator.Build.0 = Release|x86
		{B1A6E4C2-E080-4C34-A604-D11B5296A9B8}.Ad-Hoc|x86.ActiveCfg = Release|x86
		{B1A6E4C2-E080-4C34-A604-D11B5296A9B8}.Ad-Hoc|x86.Build.0 = Release|x86
		{B1A6E4C2-E080-4C34-A604-D11B5296A9B8}.AppStore|Any CPU.ActiveCfg = Release|x86
		{B1A6E4C2-E080-4C34-A604-D11B5296A9B8}.AppStore|Any CPU.Build.0 = Release|x86
		{B1A6E4C2-E080-4C34-A604-D11B5296A9B8}.AppStore|iPhone.ActiveCfg = Release|x86
		{B1A6E4C2-E080-4C34-A604-D11B5296A9B8}.AppStore|iPhone.Build.0 = Release|x86
		{B1A6E4C2-E080-4C34-A604-D11B5296A9B8}.AppStore|iPhoneSimulator.ActiveCfg = Release|x86
		{B1A6E4C2-E080-4C34-A604-D11B5296A9B8}.AppStore|iPhoneSimulator.Build.0 = Release|x86
		{B1A6E4C2-E080-4C34-A604-D11B5296A9B8}.AppStore|x86.ActiveCfg = Release|x86
		{B1A6E4C2-E080-4C34-A604-D11B5296A9B8}.AppStore|x86.Build.0 = Release|x86
		{B1A6E4C2-E080-4C34-A604-D11B5296A9B8}.Debug|Any CPU.ActiveCfg = Debug|x86
		{B1A6E4C2-E080-4C34-A604-D11B5296A9B8}.Debug|Any CPU.Build.0 = Debug|x86
		{B1A6E4C2-E080-4C34-A604-D11B5296A9B8}.Debug|iPhone.ActiveCfg = Release|x86
		{B1A6E4C2-E080-4C34-A604-D11B5296A9B8}.Debug|iPhone.Build.0 = Release|x86
		{B1A6E4C2-E080-4C34-A604-D11B5296A9B8}.Debug|iPhoneSimulator.ActiveCfg = Debug|x86
		{B1A6E4C2-E080-4C34-A604-D11B5296A9B8}.Debug|x86.ActiveCfg = Debug|x86
		{B1A6E4C2-E080-4C34-A604-D11B5296A9B8}.Debug|x86.Build.0 = Debug|x86
		{B1A6E4C2-E080-4C34-A604-D11B5296A9B8}.Release|Any CPU.ActiveCfg = Release|x86
		{B1A6E4C2-E080-4C34-A604-D11B5296A9B8}.Release|Any CPU.Build.0 = Release|x86
		{B1A6E4C2-E080-4C34-A604-D11B5296A9B8}.Release|iPhone.ActiveCfg = Release|x86
		{B1A6E4C2-E080-4C34-A604-D11B5296A9B8}.Release|iPhone.Build.0 = Release|x86
		{B1A6E4C2-E080-4C34-A604-D11B5296A9B8}.Release|iPhoneSimulator.ActiveCfg = Release|x86
		{B1A6E4C2-E080-4C34-A604-D11B5296A9B8}.Release|x86.ActiveCfg = Release|x86
		{B1A6E4C2-E080-4C34-A604-D11B5296A9B8}.Release|x86.Build.0 = Release|x86
		{7DE47032-A904-4C29-BD22-2D235E8D91BA}.Ad-Hoc|Any CPU.ActiveCfg = Release|Any CPU
		{7DE47032-A904-4C29-BD22-2D235E8D91BA}.Ad-Hoc|Any CPU.Build.0 = Release|Any CPU
		{7DE47032-A904-4C29-BD22-2D235E8D91BA}.Ad-Hoc|iPhone.ActiveCfg = Release|Any CPU
		{7DE47032-A904-4C29-BD22-2D235E8D91BA}.Ad-Hoc|iPhone.Build.0 = Release|Any CPU
		{7DE47032-A904-4C29-BD22-2D235E8D91BA}.Ad-Hoc|iPhoneSimulator.ActiveCfg = Release|Any CPU
		{7DE47032-A904-4C29-BD22-2D235E8D91BA}.Ad-Hoc|iPhoneSimulator.Build.0 = Release|Any CPU
		{7DE47032-A904-4C29-BD22-2D235E8D91BA}.Ad-Hoc|x86.ActiveCfg = Release|Any CPU
		{7DE47032-A904-4C29-BD22-2D235E8D91BA}.Ad-Hoc|x86.Build.0 = Release|Any CPU
		{7DE47032-A904-4C29-BD22-2D235E8D91BA}.AppStore|Any CPU.ActiveCfg = Release|Any CPU
		{7DE47032-A904-4C29-BD22-2D235E8D91BA}.AppStore|Any CPU.Build.0 = Release|Any CPU
		{7DE47032-A904-4C29-BD22-2D235E8D91BA}.AppStore|iPhone.ActiveCfg = Release|Any CPU
		{7DE47032-A904-4C29-BD22-2D235E8D91BA}.AppStore|iPhone.Build.0 = Release|Any CPU
		{7DE47032-A904-4C29-BD22-2D235E8D91BA}.AppStore|iPhoneSimulator.ActiveCfg = Release|Any CPU
		{7DE47032-A904-4C29-BD22-2D235E8D91BA}.AppStore|iPhoneSimulator.Build.0 = Release|Any CPU
		{7DE47032-A904-4C29-BD22-2D235E8D91BA}.AppStore|x86.ActiveCfg = Release|Any CPU
		{7DE47032-A904-4C29-BD22-2D235E8D91BA}.AppStore|x86.Build.0 = Release|Any CPU
		{7DE47032-A904-4C29-BD22-2D235E8D91BA}.Debug|Any CPU.ActiveCfg = Release|Any CPU
		{7DE47032-A904-4C29-BD22-2D235E8D91BA}.Debug|Any CPU.Build.0 = Release|Any CPU
		{7DE47032-A904-4C29-BD22-2D235E8D91BA}.Debug|iPhone.ActiveCfg = Debug|Any CPU
		{7DE47032-A904-4C29-BD22-2D235E8D91BA}.Debug|iPhone.Build.0 = Debug|Any CPU
		{7DE47032-A904-4C29-BD22-2D235E8D91BA}.Debug|iPhoneSimulator.ActiveCfg = Debug|Any CPU
		{7DE47032-A904-4C29-BD22-2D235E8D91BA}.Debug|iPhoneSimulator.Build.0 = Debug|Any CPU
		{7DE47032-A904-4C29-BD22-2D235E8D91BA}.Debug|x86.ActiveCfg = Debug|Any CPU
		{7DE47032-A904-4C29-BD22-2D235E8D91BA}.Debug|x86.Build.0 = Debug|Any CPU
		{7DE47032-A904-4C29-BD22-2D235E8D91BA}.Release|Any CPU.ActiveCfg = Release|Any CPU
		{7DE47032-A904-4C29-BD22-2D235E8D91BA}.Release|Any CPU.Build.0 = Release|Any CPU
		{7DE47032-A904-4C29-BD22-2D235E8D91BA}.Release|iPhone.ActiveCfg = Release|Any CPU
		{7DE47032-A904-4C29-BD22-2D235E8D91BA}.Release|iPhone.Build.0 = Release|Any CPU
		{7DE47032-A904-4C29-BD22-2D235E8D91BA}.Release|iPhoneSimulator.ActiveCfg = Release|Any CPU
		{7DE47032-A904-4C29-BD22-2D235E8D91BA}.Release|iPhoneSimulator.Build.0 = Release|Any CPU
		{7DE47032-A904-4C29-BD22-2D235E8D91BA}.Release|x86.ActiveCfg = Release|Any CPU
		{7DE47032-A904-4C29-BD22-2D235E8D91BA}.Release|x86.Build.0 = Release|Any CPU
		{6D6009F4-0AFB-4806-89D7-7945F20270F5}.Ad-Hoc|Any CPU.ActiveCfg = Release|Any CPU
		{6D6009F4-0AFB-4806-89D7-7945F20270F5}.Ad-Hoc|Any CPU.Build.0 = Release|Any CPU
		{6D6009F4-0AFB-4806-89D7-7945F20270F5}.Ad-Hoc|iPhone.ActiveCfg = Release|Any CPU
		{6D6009F4-0AFB-4806-89D7-7945F20270F5}.Ad-Hoc|iPhone.Build.0 = Release|Any CPU
		{6D6009F4-0AFB-4806-89D7-7945F20270F5}.Ad-Hoc|iPhoneSimulator.ActiveCfg = Release|Any CPU
		{6D6009F4-0AFB-4806-89D7-7945F20270F5}.Ad-Hoc|iPhoneSimulator.Build.0 = Release|Any CPU
		{6D6009F4-0AFB-4806-89D7-7945F20270F5}.Ad-Hoc|x86.ActiveCfg = Release|Any CPU
		{6D6009F4-0AFB-4806-89D7-7945F20270F5}.Ad-Hoc|x86.Build.0 = Release|Any CPU
		{6D6009F4-0AFB-4806-89D7-7945F20270F5}.AppStore|Any CPU.ActiveCfg = Release|Any CPU
		{6D6009F4-0AFB-4806-89D7-7945F20270F5}.AppStore|Any CPU.Build.0 = Release|Any CPU
		{6D6009F4-0AFB-4806-89D7-7945F20270F5}.AppStore|iPhone.ActiveCfg = Release|Any CPU
		{6D6009F4-0AFB-4806-89D7-7945F20270F5}.AppStore|iPhone.Build.0 = Release|Any CPU
		{6D6009F4-0AFB-4806-89D7-7945F20270F5}.AppStore|iPhoneSimulator.ActiveCfg = Release|Any CPU
		{6D6009F4-0AFB-4806-89D7-7945F20270F5}.AppStore|iPhoneSimulator.Build.0 = Release|Any CPU
		{6D6009F4-0AFB-4806-89D7-7945F20270F5}.AppStore|x86.ActiveCfg = Release|Any CPU
		{6D6009F4-0AFB-4806-89D7-7945F20270F5}.AppStore|x86.Build.0 = Release|Any CPU
		{6D6009F4-0AFB-4806-89D7-7945F20270F5}.Debug|Any CPU.ActiveCfg = Release|Any CPU
		{6D6009F4-0AFB-4806-89D7-7945F20270F5}.Debug|Any CPU.Build.0 = Release|Any CPU
		{6D6009F4-0AFB-4806-89D7-7945F20270F5}.Debug|iPhone.ActiveCfg = Debug|Any CPU
		{6D6009F4-0AFB-4806-89D7-7945F20270F5}.Debug|iPhone.Build.0 = Debug|Any CPU
		{6D6009F4-0AFB-4806-89D7-7945F20270F5}.Debug|iPhoneSimulator.ActiveCfg = Debug|Any CPU
		{6D6009F4-0AFB-4806-89D7-7945F20270F5}.Debug|iPhoneSimulator.Build.0 = Debug|Any CPU
		{6D6009F4-0AFB-4806-89D7-7945F20270F5}.Debug|x86.ActiveCfg = Debug|Any CPU
		{6D6009F4-0AFB-4806-89D7-7945F20270F5}.Debug|x86.Build.0 = Debug|Any CPU
		{6D6009F4-0AFB-4806-89D7-7945F20270F5}.Release|Any CPU.ActiveCfg = Release|Any CPU
		{6D6009F4-0AFB-4806-89D7-7945F20270F5}.Release|Any CPU.Build.0 = Release|Any CPU
		{6D6009F4-0AFB-4806-89D7-7945F20270F5}.Release|iPhone.ActiveCfg = Release|Any CPU
		{6D6009F4-0AFB-4806-89D7-7945F20270F5}.Release|iPhone.Build.0 = Release|Any CPU
		{6D6009F4-0AFB-4806-89D7-7945F20270F5}.Release|iPhoneSimulator.ActiveCfg = Release|Any CPU
		{6D6009F4-0AFB-4806-89D7-7945F20270F5}.Release|iPhoneSimulator.Build.0 = Release|Any CPU
		{6D6009F4-0AFB-4806-89D7-7945F20270F5}.Release|x86.ActiveCfg = Release|Any CPU
		{6D6009F4-0AFB-4806-89D7-7945F20270F5}.Release|x86.Build.0 = Release|Any CPU
		{DB8508BB-9849-4CC2-BC0F-8EB5DACB3C47}.Ad-Hoc|Any CPU.ActiveCfg = Ad-Hoc|iPhoneSimulator
		{DB8508BB-9849-4CC2-BC0F-8EB5DACB3C47}.Ad-Hoc|iPhone.ActiveCfg = Ad-Hoc|iPhone
		{DB8508BB-9849-4CC2-BC0F-8EB5DACB3C47}.Ad-Hoc|iPhone.Build.0 = Ad-Hoc|iPhone
		{DB8508BB-9849-4CC2-BC0F-8EB5DACB3C47}.Ad-Hoc|iPhoneSimulator.ActiveCfg = Ad-Hoc|iPhoneSimulator
		{DB8508BB-9849-4CC2-BC0F-8EB5DACB3C47}.Ad-Hoc|iPhoneSimulator.Build.0 = Ad-Hoc|iPhoneSimulator
		{DB8508BB-9849-4CC2-BC0F-8EB5DACB3C47}.Ad-Hoc|x86.ActiveCfg = Ad-Hoc|iPhoneSimulator
		{DB8508BB-9849-4CC2-BC0F-8EB5DACB3C47}.AppStore|Any CPU.ActiveCfg = AppStore|iPhoneSimulator
		{DB8508BB-9849-4CC2-BC0F-8EB5DACB3C47}.AppStore|iPhone.ActiveCfg = AppStore|iPhone
		{DB8508BB-9849-4CC2-BC0F-8EB5DACB3C47}.AppStore|iPhone.Build.0 = AppStore|iPhone
		{DB8508BB-9849-4CC2-BC0F-8EB5DACB3C47}.AppStore|iPhoneSimulator.ActiveCfg = AppStore|iPhoneSimulator
		{DB8508BB-9849-4CC2-BC0F-8EB5DACB3C47}.AppStore|iPhoneSimulator.Build.0 = AppStore|iPhoneSimulator
		{DB8508BB-9849-4CC2-BC0F-8EB5DACB3C47}.AppStore|x86.ActiveCfg = AppStore|iPhoneSimulator
		{DB8508BB-9849-4CC2-BC0F-8EB5DACB3C47}.Debug|Any CPU.ActiveCfg = Debug|iPhoneSimulator
		{DB8508BB-9849-4CC2-BC0F-8EB5DACB3C47}.Debug|iPhone.ActiveCfg = Release|iPhone
		{DB8508BB-9849-4CC2-BC0F-8EB5DACB3C47}.Debug|iPhone.Build.0 = Release|iPhone
		{DB8508BB-9849-4CC2-BC0F-8EB5DACB3C47}.Debug|iPhoneSimulator.ActiveCfg = Debug|iPhoneSimulator
		{DB8508BB-9849-4CC2-BC0F-8EB5DACB3C47}.Debug|iPhoneSimulator.Build.0 = Debug|iPhoneSimulator
		{DB8508BB-9849-4CC2-BC0F-8EB5DACB3C47}.Debug|x86.ActiveCfg = Debug|iPhoneSimulator
		{DB8508BB-9849-4CC2-BC0F-8EB5DACB3C47}.Release|Any CPU.ActiveCfg = Release|iPhoneSimulator
		{DB8508BB-9849-4CC2-BC0F-8EB5DACB3C47}.Release|iPhone.ActiveCfg = Release|iPhone
		{DB8508BB-9849-4CC2-BC0F-8EB5DACB3C47}.Release|iPhone.Build.0 = Release|iPhone
		{DB8508BB-9849-4CC2-BC0F-8EB5DACB3C47}.Release|iPhoneSimulator.ActiveCfg = Release|iPhoneSimulator
		{DB8508BB-9849-4CC2-BC0F-8EB5DACB3C47}.Release|iPhoneSimulator.Build.0 = Release|iPhoneSimulator
		{DB8508BB-9849-4CC2-BC0F-8EB5DACB3C47}.Release|x86.ActiveCfg = Release|iPhoneSimulator
		{56F4BD87-2404-4263-80D5-6FA2161EB0A4}.Ad-Hoc|Any CPU.ActiveCfg = Release|Any CPU
		{56F4BD87-2404-4263-80D5-6FA2161EB0A4}.Ad-Hoc|Any CPU.Build.0 = Release|Any CPU
		{56F4BD87-2404-4263-80D5-6FA2161EB0A4}.Ad-Hoc|iPhone.ActiveCfg = Release|Any CPU
		{56F4BD87-2404-4263-80D5-6FA2161EB0A4}.Ad-Hoc|iPhone.Build.0 = Release|Any CPU
		{56F4BD87-2404-4263-80D5-6FA2161EB0A4}.Ad-Hoc|iPhoneSimulator.ActiveCfg = Release|Any CPU
		{56F4BD87-2404-4263-80D5-6FA2161EB0A4}.Ad-Hoc|iPhoneSimulator.Build.0 = Release|Any CPU
		{56F4BD87-2404-4263-80D5-6FA2161EB0A4}.Ad-Hoc|x86.ActiveCfg = Release|Any CPU
		{56F4BD87-2404-4263-80D5-6FA2161EB0A4}.Ad-Hoc|x86.Build.0 = Release|Any CPU
		{56F4BD87-2404-4263-80D5-6FA2161EB0A4}.AppStore|Any CPU.ActiveCfg = Release|Any CPU
		{56F4BD87-2404-4263-80D5-6FA2161EB0A4}.AppStore|Any CPU.Build.0 = Release|Any CPU
		{56F4BD87-2404-4263-80D5-6FA2161EB0A4}.AppStore|iPhone.ActiveCfg = Release|Any CPU
		{56F4BD87-2404-4263-80D5-6FA2161EB0A4}.AppStore|iPhone.Build.0 = Release|Any CPU
		{56F4BD87-2404-4263-80D5-6FA2161EB0A4}.AppStore|iPhoneSimulator.ActiveCfg = Release|Any CPU
		{56F4BD87-2404-4263-80D5-6FA2161EB0A4}.AppStore|iPhoneSimulator.Build.0 = Release|Any CPU
		{56F4BD87-2404-4263-80D5-6FA2161EB0A4}.AppStore|x86.ActiveCfg = Release|Any CPU
		{56F4BD87-2404-4263-80D5-6FA2161EB0A4}.AppStore|x86.Build.0 = Release|Any CPU
		{56F4BD87-2404-4263-80D5-6FA2161EB0A4}.Debug|Any CPU.ActiveCfg = Debug|Any CPU
		{56F4BD87-2404-4263-80D5-6FA2161EB0A4}.Debug|Any CPU.Build.0 = Debug|Any CPU
		{56F4BD87-2404-4263-80D5-6FA2161EB0A4}.Debug|iPhone.ActiveCfg = Release|Any CPU
		{56F4BD87-2404-4263-80D5-6FA2161EB0A4}.Debug|iPhone.Build.0 = Release|Any CPU
		{56F4BD87-2404-4263-80D5-6FA2161EB0A4}.Debug|iPhoneSimulator.ActiveCfg = Debug|Any CPU
		{56F4BD87-2404-4263-80D5-6FA2161EB0A4}.Debug|iPhoneSimulator.Build.0 = Debug|Any CPU
		{56F4BD87-2404-4263-80D5-6FA2161EB0A4}.Debug|x86.ActiveCfg = Debug|Any CPU
		{56F4BD87-2404-4263-80D5-6FA2161EB0A4}.Debug|x86.Build.0 = Debug|Any CPU
		{56F4BD87-2404-4263-80D5-6FA2161EB0A4}.Release|Any CPU.ActiveCfg = Release|Any CPU
		{56F4BD87-2404-4263-80D5-6FA2161EB0A4}.Release|Any CPU.Build.0 = Release|Any CPU
		{56F4BD87-2404-4263-80D5-6FA2161EB0A4}.Release|iPhone.ActiveCfg = Release|Any CPU
		{56F4BD87-2404-4263-80D5-6FA2161EB0A4}.Release|iPhone.Build.0 = Release|Any CPU
		{56F4BD87-2404-4263-80D5-6FA2161EB0A4}.Release|iPhoneSimulator.ActiveCfg = Release|Any CPU
		{56F4BD87-2404-4263-80D5-6FA2161EB0A4}.Release|iPhoneSimulator.Build.0 = Release|Any CPU
		{56F4BD87-2404-4263-80D5-6FA2161EB0A4}.Release|x86.ActiveCfg = Release|Any CPU
		{56F4BD87-2404-4263-80D5-6FA2161EB0A4}.Release|x86.Build.0 = Release|Any CPU
		{D8232422-9D79-4200-A981-EB70ED82CCF3}.Ad-Hoc|Any CPU.ActiveCfg = Release|Any CPU
		{D8232422-9D79-4200-A981-EB70ED82CCF3}.Ad-Hoc|Any CPU.Build.0 = Release|Any CPU
		{D8232422-9D79-4200-A981-EB70ED82CCF3}.Ad-Hoc|iPhone.ActiveCfg = Release|Any CPU
		{D8232422-9D79-4200-A981-EB70ED82CCF3}.Ad-Hoc|iPhone.Build.0 = Release|Any CPU
		{D8232422-9D79-4200-A981-EB70ED82CCF3}.Ad-Hoc|iPhoneSimulator.ActiveCfg = Release|Any CPU
		{D8232422-9D79-4200-A981-EB70ED82CCF3}.Ad-Hoc|iPhoneSimulator.Build.0 = Release|Any CPU
		{D8232422-9D79-4200-A981-EB70ED82CCF3}.Ad-Hoc|x86.ActiveCfg = Release|Any CPU
		{D8232422-9D79-4200-A981-EB70ED82CCF3}.Ad-Hoc|x86.Build.0 = Release|Any CPU
		{D8232422-9D79-4200-A981-EB70ED82CCF3}.AppStore|Any CPU.ActiveCfg = Release|Any CPU
		{D8232422-9D79-4200-A981-EB70ED82CCF3}.AppStore|Any CPU.Build.0 = Release|Any CPU
		{D8232422-9D79-4200-A981-EB70ED82CCF3}.AppStore|iPhone.ActiveCfg = Release|Any CPU
		{D8232422-9D79-4200-A981-EB70ED82CCF3}.AppStore|iPhone.Build.0 = Release|Any CPU
		{D8232422-9D79-4200-A981-EB70ED82CCF3}.AppStore|iPhoneSimulator.ActiveCfg = Release|Any CPU
		{D8232422-9D79-4200-A981-EB70ED82CCF3}.AppStore|iPhoneSimulator.Build.0 = Release|Any CPU
		{D8232422-9D79-4200-A981-EB70ED82CCF3}.AppStore|x86.ActiveCfg = Release|Any CPU
		{D8232422-9D79-4200-A981-EB70ED82CCF3}.AppStore|x86.Build.0 = Release|Any CPU
		{D8232422-9D79-4200-A981-EB70ED82CCF3}.Debug|Any CPU.ActiveCfg = Debug|Any CPU
		{D8232422-9D79-4200-A981-EB70ED82CCF3}.Debug|Any CPU.Build.0 = Debug|Any CPU
		{D8232422-9D79-4200-A981-EB70ED82CCF3}.Debug|iPhone.ActiveCfg = Release|Any CPU
		{D8232422-9D79-4200-A981-EB70ED82CCF3}.Debug|iPhone.Build.0 = Release|Any CPU
		{D8232422-9D79-4200-A981-EB70ED82CCF3}.Debug|iPhoneSimulator.ActiveCfg = Debug|Any CPU
		{D8232422-9D79-4200-A981-EB70ED82CCF3}.Debug|iPhoneSimulator.Build.0 = Debug|Any CPU
		{D8232422-9D79-4200-A981-EB70ED82CCF3}.Debug|x86.ActiveCfg = Debug|Any CPU
		{D8232422-9D79-4200-A981-EB70ED82CCF3}.Debug|x86.Build.0 = Debug|Any CPU
		{D8232422-9D79-4200-A981-EB70ED82CCF3}.Release|Any CPU.ActiveCfg = Release|Any CPU
		{D8232422-9D79-4200-A981-EB70ED82CCF3}.Release|Any CPU.Build.0 = Release|Any CPU
		{D8232422-9D79-4200-A981-EB70ED82CCF3}.Release|iPhone.ActiveCfg = Release|Any CPU
		{D8232422-9D79-4200-A981-EB70ED82CCF3}.Release|iPhone.Build.0 = Release|Any CPU
		{D8232422-9D79-4200-A981-EB70ED82CCF3}.Release|iPhoneSimulator.ActiveCfg = Release|Any CPU
		{D8232422-9D79-4200-A981-EB70ED82CCF3}.Release|iPhoneSimulator.Build.0 = Release|Any CPU
		{D8232422-9D79-4200-A981-EB70ED82CCF3}.Release|x86.ActiveCfg = Release|Any CPU
		{D8232422-9D79-4200-A981-EB70ED82CCF3}.Release|x86.Build.0 = Release|Any CPU
		{834CAB58-648D-47CC-AC6F-D01C08C809A4}.Ad-Hoc|Any CPU.ActiveCfg = Release|Any CPU
		{834CAB58-648D-47CC-AC6F-D01C08C809A4}.Ad-Hoc|Any CPU.Build.0 = Release|Any CPU
		{834CAB58-648D-47CC-AC6F-D01C08C809A4}.Ad-Hoc|iPhone.ActiveCfg = Release|Any CPU
		{834CAB58-648D-47CC-AC6F-D01C08C809A4}.Ad-Hoc|iPhone.Build.0 = Release|Any CPU
		{834CAB58-648D-47CC-AC6F-D01C08C809A4}.Ad-Hoc|iPhoneSimulator.ActiveCfg = Release|Any CPU
		{834CAB58-648D-47CC-AC6F-D01C08C809A4}.Ad-Hoc|iPhoneSimulator.Build.0 = Release|Any CPU
		{834CAB58-648D-47CC-AC6F-D01C08C809A4}.Ad-Hoc|x86.ActiveCfg = Release|Any CPU
		{834CAB58-648D-47CC-AC6F-D01C08C809A4}.Ad-Hoc|x86.Build.0 = Release|Any CPU
		{834CAB58-648D-47CC-AC6F-D01C08C809A4}.AppStore|Any CPU.ActiveCfg = Release|Any CPU
		{834CAB58-648D-47CC-AC6F-D01C08C809A4}.AppStore|Any CPU.Build.0 = Release|Any CPU
		{834CAB58-648D-47CC-AC6F-D01C08C809A4}.AppStore|iPhone.ActiveCfg = Release|Any CPU
		{834CAB58-648D-47CC-AC6F-D01C08C809A4}.AppStore|iPhone.Build.0 = Release|Any CPU
		{834CAB58-648D-47CC-AC6F-D01C08C809A4}.AppStore|iPhoneSimulator.ActiveCfg = Release|Any CPU
		{834CAB58-648D-47CC-AC6F-D01C08C809A4}.AppStore|iPhoneSimulator.Build.0 = Release|Any CPU
		{834CAB58-648D-47CC-AC6F-D01C08C809A4}.AppStore|x86.ActiveCfg = Release|Any CPU
		{834CAB58-648D-47CC-AC6F-D01C08C809A4}.AppStore|x86.Build.0 = Release|Any CPU
		{834CAB58-648D-47CC-AC6F-D01C08C809A4}.Debug|Any CPU.ActiveCfg = Debug|Any CPU
		{834CAB58-648D-47CC-AC6F-D01C08C809A4}.Debug|Any CPU.Build.0 = Debug|Any CPU
		{834CAB58-648D-47CC-AC6F-D01C08C809A4}.Debug|iPhone.ActiveCfg = Release|Any CPU
		{834CAB58-648D-47CC-AC6F-D01C08C809A4}.Debug|iPhone.Build.0 = Release|Any CPU
		{834CAB58-648D-47CC-AC6F-D01C08C809A4}.Debug|iPhoneSimulator.ActiveCfg = Debug|Any CPU
		{834CAB58-648D-47CC-AC6F-D01C08C809A4}.Debug|iPhoneSimulator.Build.0 = Debug|Any CPU
		{834CAB58-648D-47CC-AC6F-D01C08C809A4}.Debug|x86.ActiveCfg = Debug|Any CPU
		{834CAB58-648D-47CC-AC6F-D01C08C809A4}.Debug|x86.Build.0 = Debug|Any CPU
		{834CAB58-648D-47CC-AC6F-D01C08C809A4}.Release|Any CPU.ActiveCfg = Release|Any CPU
		{834CAB58-648D-47CC-AC6F-D01C08C809A4}.Release|Any CPU.Build.0 = Release|Any CPU
		{834CAB58-648D-47CC-AC6F-D01C08C809A4}.Release|iPhone.ActiveCfg = Release|Any CPU
		{834CAB58-648D-47CC-AC6F-D01C08C809A4}.Release|iPhone.Build.0 = Release|Any CPU
		{834CAB58-648D-47CC-AC6F-D01C08C809A4}.Release|iPhoneSimulator.ActiveCfg = Release|Any CPU
		{834CAB58-648D-47CC-AC6F-D01C08C809A4}.Release|iPhoneSimulator.Build.0 = Release|Any CPU
		{834CAB58-648D-47CC-AC6F-D01C08C809A4}.Release|x86.ActiveCfg = Release|Any CPU
		{834CAB58-648D-47CC-AC6F-D01C08C809A4}.Release|x86.Build.0 = Release|Any CPU
		{6D75E618-19CA-4C51-9546-F10965FBC0B8}.Ad-Hoc|Any CPU.ActiveCfg = Release|Any CPU
		{6D75E618-19CA-4C51-9546-F10965FBC0B8}.Ad-Hoc|Any CPU.Build.0 = Release|Any CPU
		{6D75E618-19CA-4C51-9546-F10965FBC0B8}.Ad-Hoc|iPhone.ActiveCfg = Release|Any CPU
		{6D75E618-19CA-4C51-9546-F10965FBC0B8}.Ad-Hoc|iPhone.Build.0 = Release|Any CPU
		{6D75E618-19CA-4C51-9546-F10965FBC0B8}.Ad-Hoc|iPhoneSimulator.ActiveCfg = Release|Any CPU
		{6D75E618-19CA-4C51-9546-F10965FBC0B8}.Ad-Hoc|iPhoneSimulator.Build.0 = Release|Any CPU
		{6D75E618-19CA-4C51-9546-F10965FBC0B8}.Ad-Hoc|x86.ActiveCfg = Release|Any CPU
		{6D75E618-19CA-4C51-9546-F10965FBC0B8}.Ad-Hoc|x86.Build.0 = Release|Any CPU
		{6D75E618-19CA-4C51-9546-F10965FBC0B8}.AppStore|Any CPU.ActiveCfg = Release|Any CPU
		{6D75E618-19CA-4C51-9546-F10965FBC0B8}.AppStore|Any CPU.Build.0 = Release|Any CPU
		{6D75E618-19CA-4C51-9546-F10965FBC0B8}.AppStore|iPhone.ActiveCfg = Release|Any CPU
		{6D75E618-19CA-4C51-9546-F10965FBC0B8}.AppStore|iPhone.Build.0 = Release|Any CPU
		{6D75E618-19CA-4C51-9546-F10965FBC0B8}.AppStore|iPhoneSimulator.ActiveCfg = Release|Any CPU
		{6D75E618-19CA-4C51-9546-F10965FBC0B8}.AppStore|iPhoneSimulator.Build.0 = Release|Any CPU
		{6D75E618-19CA-4C51-9546-F10965FBC0B8}.AppStore|x86.ActiveCfg = Release|Any CPU
		{6D75E618-19CA-4C51-9546-F10965FBC0B8}.AppStore|x86.Build.0 = Release|Any CPU
		{6D75E618-19CA-4C51-9546-F10965FBC0B8}.Debug|Any CPU.ActiveCfg = Release|Any CPU
		{6D75E618-19CA-4C51-9546-F10965FBC0B8}.Debug|Any CPU.Build.0 = Release|Any CPU
		{6D75E618-19CA-4C51-9546-F10965FBC0B8}.Debug|iPhone.ActiveCfg = Debug|Any CPU
		{6D75E618-19CA-4C51-9546-F10965FBC0B8}.Debug|iPhone.Build.0 = Debug|Any CPU
		{6D75E618-19CA-4C51-9546-F10965FBC0B8}.Debug|iPhoneSimulator.ActiveCfg = Debug|Any CPU
		{6D75E618-19CA-4C51-9546-F10965FBC0B8}.Debug|iPhoneSimulator.Build.0 = Debug|Any CPU
		{6D75E618-19CA-4C51-9546-F10965FBC0B8}.Debug|x86.ActiveCfg = Debug|Any CPU
		{6D75E618-19CA-4C51-9546-F10965FBC0B8}.Debug|x86.Build.0 = Debug|Any CPU
		{6D75E618-19CA-4C51-9546-F10965FBC0B8}.Release|Any CPU.ActiveCfg = Release|Any CPU
		{6D75E618-19CA-4C51-9546-F10965FBC0B8}.Release|Any CPU.Build.0 = Release|Any CPU
		{6D75E618-19CA-4C51-9546-F10965FBC0B8}.Release|iPhone.ActiveCfg = Release|Any CPU
		{6D75E618-19CA-4C51-9546-F10965FBC0B8}.Release|iPhone.Build.0 = Release|Any CPU
		{6D75E618-19CA-4C51-9546-F10965FBC0B8}.Release|iPhoneSimulator.ActiveCfg = Release|Any CPU
		{6D75E618-19CA-4C51-9546-F10965FBC0B8}.Release|iPhoneSimulator.Build.0 = Release|Any CPU
		{6D75E618-19CA-4C51-9546-F10965FBC0B8}.Release|x86.ActiveCfg = Release|Any CPU
		{6D75E618-19CA-4C51-9546-F10965FBC0B8}.Release|x86.Build.0 = Release|Any CPU
		{AE483C29-042E-4226-BA52-D247CE7676DA}.Ad-Hoc|Any CPU.ActiveCfg = Release|Any CPU
		{AE483C29-042E-4226-BA52-D247CE7676DA}.Ad-Hoc|Any CPU.Build.0 = Release|Any CPU
		{AE483C29-042E-4226-BA52-D247CE7676DA}.Ad-Hoc|iPhone.ActiveCfg = Release|Any CPU
		{AE483C29-042E-4226-BA52-D247CE7676DA}.Ad-Hoc|iPhone.Build.0 = Release|Any CPU
		{AE483C29-042E-4226-BA52-D247CE7676DA}.Ad-Hoc|iPhoneSimulator.ActiveCfg = Release|Any CPU
		{AE483C29-042E-4226-BA52-D247CE7676DA}.Ad-Hoc|iPhoneSimulator.Build.0 = Release|Any CPU
		{AE483C29-042E-4226-BA52-D247CE7676DA}.Ad-Hoc|x86.ActiveCfg = Release|Any CPU
		{AE483C29-042E-4226-BA52-D247CE7676DA}.Ad-Hoc|x86.Build.0 = Release|Any CPU
		{AE483C29-042E-4226-BA52-D247CE7676DA}.AppStore|Any CPU.ActiveCfg = Release|Any CPU
		{AE483C29-042E-4226-BA52-D247CE7676DA}.AppStore|Any CPU.Build.0 = Release|Any CPU
		{AE483C29-042E-4226-BA52-D247CE7676DA}.AppStore|iPhone.ActiveCfg = Release|Any CPU
		{AE483C29-042E-4226-BA52-D247CE7676DA}.AppStore|iPhone.Build.0 = Release|Any CPU
		{AE483C29-042E-4226-BA52-D247CE7676DA}.AppStore|iPhoneSimulator.ActiveCfg = Release|Any CPU
		{AE483C29-042E-4226-BA52-D247CE7676DA}.AppStore|iPhoneSimulator.Build.0 = Release|Any CPU
		{AE483C29-042E-4226-BA52-D247CE7676DA}.AppStore|x86.ActiveCfg = Release|Any CPU
		{AE483C29-042E-4226-BA52-D247CE7676DA}.AppStore|x86.Build.0 = Release|Any CPU
		{AE483C29-042E-4226-BA52-D247CE7676DA}.Debug|Any CPU.ActiveCfg = Release|Any CPU
		{AE483C29-042E-4226-BA52-D247CE7676DA}.Debug|Any CPU.Build.0 = Release|Any CPU
		{AE483C29-042E-4226-BA52-D247CE7676DA}.Debug|iPhone.ActiveCfg = Debug|Any CPU
		{AE483C29-042E-4226-BA52-D247CE7676DA}.Debug|iPhone.Build.0 = Debug|Any CPU
		{AE483C29-042E-4226-BA52-D247CE7676DA}.Debug|iPhoneSimulator.ActiveCfg = Debug|Any CPU
		{AE483C29-042E-4226-BA52-D247CE7676DA}.Debug|iPhoneSimulator.Build.0 = Debug|Any CPU
		{AE483C29-042E-4226-BA52-D247CE7676DA}.Debug|x86.ActiveCfg = Debug|Any CPU
		{AE483C29-042E-4226-BA52-D247CE7676DA}.Debug|x86.Build.0 = Debug|Any CPU
		{AE483C29-042E-4226-BA52-D247CE7676DA}.Release|Any CPU.ActiveCfg = Release|Any CPU
		{AE483C29-042E-4226-BA52-D247CE7676DA}.Release|Any CPU.Build.0 = Release|Any CPU
		{AE483C29-042E-4226-BA52-D247CE7676DA}.Release|iPhone.ActiveCfg = Release|Any CPU
		{AE483C29-042E-4226-BA52-D247CE7676DA}.Release|iPhone.Build.0 = Release|Any CPU
		{AE483C29-042E-4226-BA52-D247CE7676DA}.Release|iPhoneSimulator.ActiveCfg = Release|Any CPU
		{AE483C29-042E-4226-BA52-D247CE7676DA}.Release|iPhoneSimulator.Build.0 = Release|Any CPU
		{AE483C29-042E-4226-BA52-D247CE7676DA}.Release|x86.ActiveCfg = Release|Any CPU
		{AE483C29-042E-4226-BA52-D247CE7676DA}.Release|x86.Build.0 = Release|Any CPU
		{734EAA48-F1CA-481A-B391-0285BC0E8B40}.Ad-Hoc|Any CPU.ActiveCfg = Ad-Hoc|iPhoneSimulator
		{734EAA48-F1CA-481A-B391-0285BC0E8B40}.Ad-Hoc|iPhone.ActiveCfg = Ad-Hoc|iPhone
		{734EAA48-F1CA-481A-B391-0285BC0E8B40}.Ad-Hoc|iPhone.Build.0 = Ad-Hoc|iPhone
		{734EAA48-F1CA-481A-B391-0285BC0E8B40}.Ad-Hoc|iPhoneSimulator.ActiveCfg = Ad-Hoc|iPhoneSimulator
		{734EAA48-F1CA-481A-B391-0285BC0E8B40}.Ad-Hoc|iPhoneSimulator.Build.0 = Ad-Hoc|iPhoneSimulator
		{734EAA48-F1CA-481A-B391-0285BC0E8B40}.Ad-Hoc|x86.ActiveCfg = Ad-Hoc|iPhoneSimulator
		{734EAA48-F1CA-481A-B391-0285BC0E8B40}.AppStore|Any CPU.ActiveCfg = AppStore|iPhoneSimulator
		{734EAA48-F1CA-481A-B391-0285BC0E8B40}.AppStore|iPhone.ActiveCfg = AppStore|iPhone
		{734EAA48-F1CA-481A-B391-0285BC0E8B40}.AppStore|iPhone.Build.0 = AppStore|iPhone
		{734EAA48-F1CA-481A-B391-0285BC0E8B40}.AppStore|iPhoneSimulator.ActiveCfg = AppStore|iPhoneSimulator
		{734EAA48-F1CA-481A-B391-0285BC0E8B40}.AppStore|iPhoneSimulator.Build.0 = AppStore|iPhoneSimulator
		{734EAA48-F1CA-481A-B391-0285BC0E8B40}.AppStore|x86.ActiveCfg = AppStore|iPhoneSimulator
		{734EAA48-F1CA-481A-B391-0285BC0E8B40}.Debug|Any CPU.ActiveCfg = Debug|iPhoneSimulator
		{734EAA48-F1CA-481A-B391-0285BC0E8B40}.Debug|iPhone.ActiveCfg = Debug|iPhone
		{734EAA48-F1CA-481A-B391-0285BC0E8B40}.Debug|iPhone.Build.0 = Debug|iPhone
		{734EAA48-F1CA-481A-B391-0285BC0E8B40}.Debug|iPhoneSimulator.ActiveCfg = Debug|iPhoneSimulator
		{734EAA48-F1CA-481A-B391-0285BC0E8B40}.Debug|iPhoneSimulator.Build.0 = Debug|iPhoneSimulator
		{734EAA48-F1CA-481A-B391-0285BC0E8B40}.Debug|x86.ActiveCfg = Debug|iPhoneSimulator
		{734EAA48-F1CA-481A-B391-0285BC0E8B40}.Release|Any CPU.ActiveCfg = Release|iPhoneSimulator
		{734EAA48-F1CA-481A-B391-0285BC0E8B40}.Release|iPhone.ActiveCfg = Release|iPhone
		{734EAA48-F1CA-481A-B391-0285BC0E8B40}.Release|iPhone.Build.0 = Release|iPhone
		{734EAA48-F1CA-481A-B391-0285BC0E8B40}.Release|iPhoneSimulator.ActiveCfg = Release|iPhoneSimulator
		{734EAA48-F1CA-481A-B391-0285BC0E8B40}.Release|iPhoneSimulator.Build.0 = Release|iPhoneSimulator
		{734EAA48-F1CA-481A-B391-0285BC0E8B40}.Release|x86.ActiveCfg = Release|iPhoneSimulator
		{D4838656-8545-4DC5-8822-D4AD313E17AC}.Ad-Hoc|Any CPU.ActiveCfg = Ad-Hoc|iPhoneSimulator
		{D4838656-8545-4DC5-8822-D4AD313E17AC}.Ad-Hoc|iPhone.ActiveCfg = Ad-Hoc|iPhone
		{D4838656-8545-4DC5-8822-D4AD313E17AC}.Ad-Hoc|iPhone.Build.0 = Ad-Hoc|iPhone
		{D4838656-8545-4DC5-8822-D4AD313E17AC}.Ad-Hoc|iPhoneSimulator.ActiveCfg = Ad-Hoc|iPhoneSimulator
		{D4838656-8545-4DC5-8822-D4AD313E17AC}.Ad-Hoc|iPhoneSimulator.Build.0 = Ad-Hoc|iPhoneSimulator
		{D4838656-8545-4DC5-8822-D4AD313E17AC}.Ad-Hoc|x86.ActiveCfg = Ad-Hoc|iPhoneSimulator
		{D4838656-8545-4DC5-8822-D4AD313E17AC}.AppStore|Any CPU.ActiveCfg = AppStore|iPhoneSimulator
		{D4838656-8545-4DC5-8822-D4AD313E17AC}.AppStore|iPhone.ActiveCfg = AppStore|iPhone
		{D4838656-8545-4DC5-8822-D4AD313E17AC}.AppStore|iPhone.Build.0 = AppStore|iPhone
		{D4838656-8545-4DC5-8822-D4AD313E17AC}.AppStore|iPhoneSimulator.ActiveCfg = AppStore|iPhoneSimulator
		{D4838656-8545-4DC5-8822-D4AD313E17AC}.AppStore|iPhoneSimulator.Build.0 = AppStore|iPhoneSimulator
		{D4838656-8545-4DC5-8822-D4AD313E17AC}.AppStore|x86.ActiveCfg = AppStore|iPhoneSimulator
		{D4838656-8545-4DC5-8822-D4AD313E17AC}.Debug|Any CPU.ActiveCfg = Debug|iPhoneSimulator
		{D4838656-8545-4DC5-8822-D4AD313E17AC}.Debug|iPhone.ActiveCfg = Release|iPhone
		{D4838656-8545-4DC5-8822-D4AD313E17AC}.Debug|iPhone.Build.0 = Release|iPhone
		{D4838656-8545-4DC5-8822-D4AD313E17AC}.Debug|iPhoneSimulator.ActiveCfg = Debug|iPhoneSimulator
		{D4838656-8545-4DC5-8822-D4AD313E17AC}.Debug|iPhoneSimulator.Build.0 = Debug|iPhoneSimulator
		{D4838656-8545-4DC5-8822-D4AD313E17AC}.Debug|x86.ActiveCfg = Debug|iPhoneSimulator
		{D4838656-8545-4DC5-8822-D4AD313E17AC}.Release|Any CPU.ActiveCfg = Release|iPhoneSimulator
		{D4838656-8545-4DC5-8822-D4AD313E17AC}.Release|iPhone.ActiveCfg = Release|iPhone
		{D4838656-8545-4DC5-8822-D4AD313E17AC}.Release|iPhone.Build.0 = Release|iPhone
		{D4838656-8545-4DC5-8822-D4AD313E17AC}.Release|iPhoneSimulator.ActiveCfg = Release|iPhoneSimulator
		{D4838656-8545-4DC5-8822-D4AD313E17AC}.Release|iPhoneSimulator.Build.0 = Release|iPhoneSimulator
		{D4838656-8545-4DC5-8822-D4AD313E17AC}.Release|x86.ActiveCfg = Release|iPhoneSimulator
		{5DEB20EB-1EB7-48F9-922C-463ABAE56E63}.Ad-Hoc|Any CPU.ActiveCfg = Release|Any CPU
		{5DEB20EB-1EB7-48F9-922C-463ABAE56E63}.Ad-Hoc|Any CPU.Build.0 = Release|Any CPU
		{5DEB20EB-1EB7-48F9-922C-463ABAE56E63}.Ad-Hoc|iPhone.ActiveCfg = Release|Any CPU
		{5DEB20EB-1EB7-48F9-922C-463ABAE56E63}.Ad-Hoc|iPhone.Build.0 = Release|Any CPU
		{5DEB20EB-1EB7-48F9-922C-463ABAE56E63}.Ad-Hoc|iPhoneSimulator.ActiveCfg = Release|Any CPU
		{5DEB20EB-1EB7-48F9-922C-463ABAE56E63}.Ad-Hoc|iPhoneSimulator.Build.0 = Release|Any CPU
		{5DEB20EB-1EB7-48F9-922C-463ABAE56E63}.Ad-Hoc|x86.ActiveCfg = Release|x86
		{5DEB20EB-1EB7-48F9-922C-463ABAE56E63}.Ad-Hoc|x86.Build.0 = Release|x86
		{5DEB20EB-1EB7-48F9-922C-463ABAE56E63}.AppStore|Any CPU.ActiveCfg = Release|Any CPU
		{5DEB20EB-1EB7-48F9-922C-463ABAE56E63}.AppStore|Any CPU.Build.0 = Release|Any CPU
		{5DEB20EB-1EB7-48F9-922C-463ABAE56E63}.AppStore|iPhone.ActiveCfg = Release|Any CPU
		{5DEB20EB-1EB7-48F9-922C-463ABAE56E63}.AppStore|iPhone.Build.0 = Release|Any CPU
		{5DEB20EB-1EB7-48F9-922C-463ABAE56E63}.AppStore|iPhoneSimulator.ActiveCfg = Release|Any CPU
		{5DEB20EB-1EB7-48F9-922C-463ABAE56E63}.AppStore|iPhoneSimulator.Build.0 = Release|Any CPU
		{5DEB20EB-1EB7-48F9-922C-463ABAE56E63}.AppStore|x86.ActiveCfg = Release|x86
		{5DEB20EB-1EB7-48F9-922C-463ABAE56E63}.AppStore|x86.Build.0 = Release|x86
		{5DEB20EB-1EB7-48F9-922C-463ABAE56E63}.Debug|Any CPU.ActiveCfg = Debug|Any CPU
		{5DEB20EB-1EB7-48F9-922C-463ABAE56E63}.Debug|Any CPU.Build.0 = Debug|Any CPU
		{5DEB20EB-1EB7-48F9-922C-463ABAE56E63}.Debug|iPhone.ActiveCfg = Debug|Any CPU
		{5DEB20EB-1EB7-48F9-922C-463ABAE56E63}.Debug|iPhone.Build.0 = Debug|Any CPU
		{5DEB20EB-1EB7-48F9-922C-463ABAE56E63}.Debug|iPhoneSimulator.ActiveCfg = Debug|Any CPU
		{5DEB20EB-1EB7-48F9-922C-463ABAE56E63}.Debug|iPhoneSimulator.Build.0 = Debug|Any CPU
		{5DEB20EB-1EB7-48F9-922C-463ABAE56E63}.Debug|x86.ActiveCfg = Debug|x86
		{5DEB20EB-1EB7-48F9-922C-463ABAE56E63}.Debug|x86.Build.0 = Debug|x86
		{5DEB20EB-1EB7-48F9-922C-463ABAE56E63}.Release|Any CPU.ActiveCfg = Release|Any CPU
		{5DEB20EB-1EB7-48F9-922C-463ABAE56E63}.Release|Any CPU.Build.0 = Release|Any CPU
		{5DEB20EB-1EB7-48F9-922C-463ABAE56E63}.Release|iPhone.ActiveCfg = Release|Any CPU
		{5DEB20EB-1EB7-48F9-922C-463ABAE56E63}.Release|iPhone.Build.0 = Release|Any CPU
		{5DEB20EB-1EB7-48F9-922C-463ABAE56E63}.Release|iPhoneSimulator.ActiveCfg = Release|Any CPU
		{5DEB20EB-1EB7-48F9-922C-463ABAE56E63}.Release|iPhoneSimulator.Build.0 = Release|Any CPU
		{5DEB20EB-1EB7-48F9-922C-463ABAE56E63}.Release|x86.ActiveCfg = Release|x86
		{5DEB20EB-1EB7-48F9-922C-463ABAE56E63}.Release|x86.Build.0 = Release|x86
		{37812A22-91F3-4220-891E-5C26DA64A975}.Ad-Hoc|Any CPU.ActiveCfg = Release|Any CPU
		{37812A22-91F3-4220-891E-5C26DA64A975}.Ad-Hoc|Any CPU.Build.0 = Release|Any CPU
		{37812A22-91F3-4220-891E-5C26DA64A975}.Ad-Hoc|iPhone.ActiveCfg = Release|Any CPU
		{37812A22-91F3-4220-891E-5C26DA64A975}.Ad-Hoc|iPhone.Build.0 = Release|Any CPU
		{37812A22-91F3-4220-891E-5C26DA64A975}.Ad-Hoc|iPhoneSimulator.ActiveCfg = Release|Any CPU
		{37812A22-91F3-4220-891E-5C26DA64A975}.Ad-Hoc|iPhoneSimulator.Build.0 = Release|Any CPU
		{37812A22-91F3-4220-891E-5C26DA64A975}.Ad-Hoc|x86.ActiveCfg = Release|Any CPU
		{37812A22-91F3-4220-891E-5C26DA64A975}.Ad-Hoc|x86.Build.0 = Release|Any CPU
		{37812A22-91F3-4220-891E-5C26DA64A975}.AppStore|Any CPU.ActiveCfg = Release|Any CPU
		{37812A22-91F3-4220-891E-5C26DA64A975}.AppStore|Any CPU.Build.0 = Release|Any CPU
		{37812A22-91F3-4220-891E-5C26DA64A975}.AppStore|iPhone.ActiveCfg = Release|Any CPU
		{37812A22-91F3-4220-891E-5C26DA64A975}.AppStore|iPhone.Build.0 = Release|Any CPU
		{37812A22-91F3-4220-891E-5C26DA64A975}.AppStore|iPhoneSimulator.ActiveCfg = Release|Any CPU
		{37812A22-91F3-4220-891E-5C26DA64A975}.AppStore|iPhoneSimulator.Build.0 = Release|Any CPU
		{37812A22-91F3-4220-891E-5C26DA64A975}.AppStore|x86.ActiveCfg = Release|Any CPU
		{37812A22-91F3-4220-891E-5C26DA64A975}.AppStore|x86.Build.0 = Release|Any CPU
		{37812A22-91F3-4220-891E-5C26DA64A975}.Debug|Any CPU.ActiveCfg = Debug|Any CPU
		{37812A22-91F3-4220-891E-5C26DA64A975}.Debug|Any CPU.Build.0 = Debug|Any CPU
		{37812A22-91F3-4220-891E-5C26DA64A975}.Debug|iPhone.ActiveCfg = Debug|Any CPU
		{37812A22-91F3-4220-891E-5C26DA64A975}.Debug|iPhone.Build.0 = Debug|Any CPU
		{37812A22-91F3-4220-891E-5C26DA64A975}.Debug|iPhoneSimulator.ActiveCfg = Debug|Any CPU
		{37812A22-91F3-4220-891E-5C26DA64A975}.Debug|iPhoneSimulator.Build.0 = Debug|Any CPU
		{37812A22-91F3-4220-891E-5C26DA64A975}.Debug|x86.ActiveCfg = Debug|Any CPU
		{37812A22-91F3-4220-891E-5C26DA64A975}.Debug|x86.Build.0 = Debug|Any CPU
		{37812A22-91F3-4220-891E-5C26DA64A975}.Release|Any CPU.ActiveCfg = Release|Any CPU
		{37812A22-91F3-4220-891E-5C26DA64A975}.Release|Any CPU.Build.0 = Release|Any CPU
		{37812A22-91F3-4220-891E-5C26DA64A975}.Release|iPhone.ActiveCfg = Release|Any CPU
		{37812A22-91F3-4220-891E-5C26DA64A975}.Release|iPhone.Build.0 = Release|Any CPU
		{37812A22-91F3-4220-891E-5C26DA64A975}.Release|iPhoneSimulator.ActiveCfg = Release|Any CPU
		{37812A22-91F3-4220-891E-5C26DA64A975}.Release|iPhoneSimulator.Build.0 = Release|Any CPU
		{37812A22-91F3-4220-891E-5C26DA64A975}.Release|x86.ActiveCfg = Release|Any CPU
		{37812A22-91F3-4220-891E-5C26DA64A975}.Release|x86.Build.0 = Release|Any CPU
	EndGlobalSection
	GlobalSection(SolutionProperties) = preSolution
		HideSolutionNode = FALSE
	EndGlobalSection
EndGlobal
